PODS:
  - DateToolsSwift (2.0.3)
  - FBSnapshotTestCase (2.1.4):
    - FBSnapshotTestCase/SwiftSupport (= 2.1.4)
  - FBSnapshotTestCase/Core (2.1.4)
  - FBSnapshotTestCase/SwiftSupport (2.1.4):
    - FBSnapshotTestCase/Core
  - Realm (3.0.2):
    - Realm/Headers (= 3.0.2)
  - Realm/Headers (3.0.2)
  - RealmSwift (3.0.2):
    - Realm (= 3.0.2)

DEPENDENCIES:
  - DateToolsSwift
  - FBSnapshotTestCase
  - RealmSwift

SPEC CHECKSUMS:
  DateToolsSwift: bf69bf9056d9e53c5c03f06e51f219b9b8b02f9e
  FBSnapshotTestCase: 094f9f314decbabe373b87cc339bea235a63e07a
  Realm: 6f23fd1f178a09342eac21bfa7c2bf4312a7a180
  RealmSwift: 695393add1b8f9d5fa75dd16e6355cf3935f71e2

PODFILE CHECKSUM: eaa9c36fb08dcb98d4207a176d96c61ee0689aca

COCOAPODS: 1.3.1
