// !$*UTF8*$!
{
	archiveVersion = 1;
	classes = {
	};
	objectVersion = 46;
	objects = {

/* Begin PBXBuildFile section */
		8350D3771E97F7E000B20551 /* Record.swift in Sources */ = {isa = PBXBuildFile; fileRef = 8350D3761E97F7E000B20551 /* Record.swift */; };
		8378156D1EA696720030CD07 /* TextTVCell.swift in Sources */ = {isa = PBXBuildFile; fileRef = 8378156B1EA696720030CD07 /* TextTVCell.swift */; };
		8378156E1EA696720030CD07 /* TextTVCell.xib in Resources */ = {isa = PBXBuildFile; fileRef = 8378156C1EA696720030CD07 /* TextTVCell.xib */; };
		837815711EA69E180030CD07 /* Protocols.swift in Sources */ = {isa = PBXBuildFile; fileRef = 837815701EA69E180030CD07 /* Protocols.swift */; };
		837815741EA6ACB50030CD07 /* ImageTVCell.swift in Sources */ = {isa = PBXBuildFile; fileRef = 837815721EA6ACB50030CD07 /* ImageTVCell.swift */; };
		837815751EA6ACB50030CD07 /* ImageTVCell.xib in Resources */ = {isa = PBXBuildFile; fileRef = 837815731EA6ACB50030CD07 /* ImageTVCell.xib */; };
		837815771EA6B7D60030CD07 /* PasteboardManager.swift in Sources */ = {isa = PBXBuildFile; fileRef = 837815761EA6B7D60030CD07 /* PasteboardManager.swift */; };
		8392E6D81E9A360200539037 /* LandingViewModel.swift in Sources */ = {isa = PBXBuildFile; fileRef = 8392E6D71E9A360200539037 /* LandingViewModel.swift */; };
		839589321E95506400CC7045 /* Main.storyboard in Resources */ = {isa = PBXBuildFile; fileRef = 839589301E95506400CC7045 /* Main.storyboard */; };
		839589341E95506400CC7045 /* Assets.xcassets in Resources */ = {isa = PBXBuildFile; fileRef = 839589331E95506400CC7045 /* Assets.xcassets */; };
		839589371E95506400CC7045 /* LaunchScreen.storyboard in Resources */ = {isa = PBXBuildFile; fileRef = 839589351E95506400CC7045 /* LaunchScreen.storyboard */; };
		83A0C3F31E956542007A6C39 /* AppDelegate.swift in Sources */ = {isa = PBXBuildFile; fileRef = 83A0C3F21E956542007A6C39 /* AppDelegate.swift */; };
		83A0C3F51E9565B0007A6C39 /* LandingController.swift in Sources */ = {isa = PBXBuildFile; fileRef = 83A0C3F41E9565B0007A6C39 /* LandingController.swift */; };
		9F9738708B7D5FE4906423B4 /* Pods_ClipboardManager.framework in Frameworks */ = {isa = PBXBuildFile; fileRef = 1019FDA793565443E08240A0 /* Pods_ClipboardManager.framework */; };
/* End PBXBuildFile section */

/* Begin PBXFileReference section */
		1019FDA793565443E08240A0 /* Pods_ClipboardManager.framework */ = {isa = PBXFileReference; explicitFileType = wrapper.framework; includeInIndex = 0; path = Pods_ClipboardManager.framework; sourceTree = BUILT_PRODUCTS_DIR; };
		47053F302B9296E81A8C7D75 /* Pods-ClipboardManager.debug.xcconfig */ = {isa = PBXFileReference; includeInIndex = 1; lastKnownFileType = text.xcconfig; name = "Pods-ClipboardManager.debug.xcconfig"; path = "Pods/Target Support Files/Pods-ClipboardManager/Pods-ClipboardManager.debug.xcconfig"; sourceTree = "<group>"; };
		8350D3761E97F7E000B20551 /* Record.swift */ = {isa = PBXFileReference; fileEncoding = 4; lastKnownFileType = sourcecode.swift; path = Record.swift; sourceTree = "<group>"; };
		8378156B1EA696720030CD07 /* TextTVCell.swift */ = {isa = PBXFileReference; fileEncoding = 4; lastKnownFileType = sourcecode.swift; path = TextTVCell.swift; sourceTree = "<group>"; };
		8378156C1EA696720030CD07 /* TextTVCell.xib */ = {isa = PBXFileReference; fileEncoding = 4; lastKnownFileType = file.xib; path = TextTVCell.xib; sourceTree = "<group>"; };
		837815701EA69E180030CD07 /* Protocols.swift */ = {isa = PBXFileReference; fileEncoding = 4; lastKnownFileType = sourcecode.swift; path = Protocols.swift; sourceTree = "<group>"; };
		837815721EA6ACB50030CD07 /* ImageTVCell.swift */ = {isa = PBXFileReference; fileEncoding = 4; lastKnownFileType = sourcecode.swift; path = ImageTVCell.swift; sourceTree = "<group>"; };
		837815731EA6ACB50030CD07 /* ImageTVCell.xib */ = {isa = PBXFileReference; fileEncoding = 4; lastKnownFileType = file.xib; path = ImageTVCell.xib; sourceTree = "<group>"; };
		837815761EA6B7D60030CD07 /* PasteboardManager.swift */ = {isa = PBXFileReference; fileEncoding = 4; lastKnownFileType = sourcecode.swift; path = PasteboardManager.swift; sourceTree = "<group>"; };
		8392E6D71E9A360200539037 /* LandingViewModel.swift */ = {isa = PBXFileReference; fileEncoding = 4; lastKnownFileType = sourcecode.swift; path = LandingViewModel.swift; sourceTree = "<group>"; };
		839589291E95506400CC7045 /* ClipboardManager.app */ = {isa = PBXFileReference; explicitFileType = wrapper.application; includeInIndex = 0; path = ClipboardManager.app; sourceTree = BUILT_PRODUCTS_DIR; };
		839589311E95506400CC7045 /* Base */ = {isa = PBXFileReference; lastKnownFileType = file.storyboard; name = Base; path = Base.lproj/Main.storyboard; sourceTree = "<group>"; };
		839589331E95506400CC7045 /* Assets.xcassets */ = {isa = PBXFileReference; lastKnownFileType = folder.assetcatalog; path = Assets.xcassets; sourceTree = "<group>"; };
		839589361E95506400CC7045 /* Base */ = {isa = PBXFileReference; lastKnownFileType = file.storyboard; name = Base; path = Base.lproj/LaunchScreen.storyboard; sourceTree = "<group>"; };
		839589381E95506400CC7045 /* Info.plist */ = {isa = PBXFileReference; lastKnownFileType = text.plist.xml; path = Info.plist; sourceTree = "<group>"; };
		83A0C3F21E956542007A6C39 /* AppDelegate.swift */ = {isa = PBXFileReference; fileEncoding = 4; lastKnownFileType = sourcecode.swift; path = AppDelegate.swift; sourceTree = "<group>"; };
		83A0C3F41E9565B0007A6C39 /* LandingController.swift */ = {isa = PBXFileReference; fileEncoding = 4; lastKnownFileType = sourcecode.swift; path = LandingController.swift; sourceTree = "<group>"; };
		C804B090E71E606DC40DF3E3 /* Pods-ClipboardManager.release.xcconfig */ = {isa = PBXFileReference; includeInIndex = 1; lastKnownFileType = text.xcconfig; name = "Pods-ClipboardManager.release.xcconfig"; path = "Pods/Target Support Files/Pods-ClipboardManager/Pods-ClipboardManager.release.xcconfig"; sourceTree = "<group>"; };
/* End PBXFileReference section */

/* Begin PBXFrameworksBuildPhase section */
		839589261E95506400CC7045 /* Frameworks */ = {
			isa = PBXFrameworksBuildPhase;
			buildActionMask = 2147483647;
			files = (
				9F9738708B7D5FE4906423B4 /* Pods_ClipboardManager.framework in Frameworks */,
			);
			runOnlyForDeploymentPostprocessing = 0;
		};
/* End PBXFrameworksBuildPhase section */

/* Begin PBXGroup section */
		67EF01C3B8771BD0EF013EFA /* Pods */ = {
			isa = PBXGroup;
			children = (
				47053F302B9296E81A8C7D75 /* Pods-ClipboardManager.debug.xcconfig */,
				C804B090E71E606DC40DF3E3 /* Pods-ClipboardManager.release.xcconfig */,
			);
			name = Pods;
			sourceTree = "<group>";
		};
		8378156A1EA6962F0030CD07 /* TVCells */ = {
			isa = PBXGroup;
			children = (
				837815721EA6ACB50030CD07 /* ImageTVCell.swift */,
				837815731EA6ACB50030CD07 /* ImageTVCell.xib */,
				8378156B1EA696720030CD07 /* TextTVCell.swift */,
				8378156C1EA696720030CD07 /* TextTVCell.xib */,
			);
			name = TVCells;
			sourceTree = "<group>";
		};
		8378156F1EA69DE70030CD07 /* Misc */ = {
			isa = PBXGroup;
			children = (
				837815761EA6B7D60030CD07 /* PasteboardManager.swift */,
				837815701EA69E180030CD07 /* Protocols.swift */,
			);
			path = Misc;
			sourceTree = "<group>";
		};
		8392E6D91E9A48F200539037 /* Landing */ = {
			isa = PBXGroup;
			children = (
				8392E6D71E9A360200539037 /* LandingViewModel.swift */,
				83A0C3F41E9565B0007A6C39 /* LandingController.swift */,
			);
			name = Landing;
			sourceTree = "<group>";
		};
		839589201E95506400CC7045 = {
			isa = PBXGroup;
			children = (
				8395892B1E95506400CC7045 /* ClipboardManager */,
				8395892A1E95506400CC7045 /* Products */,
				67EF01C3B8771BD0EF013EFA /* Pods */,
				A0570DE890F291A61D30338C /* Frameworks */,
			);
			sourceTree = "<group>";
		};
		8395892A1E95506400CC7045 /* Products */ = {
			isa = PBXGroup;
			children = (
				839589291E95506400CC7045 /* ClipboardManager.app */,
			);
			name = Products;
			sourceTree = "<group>";
		};
		8395892B1E95506400CC7045 /* ClipboardManager */ = {
			isa = PBXGroup;
			children = (
				8378156F1EA69DE70030CD07 /* Misc */,
				83A0C3F21E956542007A6C39 /* AppDelegate.swift */,
				83A0C3F11E956503007A6C39 /* Models */,
				83A0C3F01E9564EE007A6C39 /* Views */,
				83A0C3EF1E9564D5007A6C39 /* Controllers */,
				839589301E95506400CC7045 /* Main.storyboard */,
				839589331E95506400CC7045 /* Assets.xcassets */,
				839589351E95506400CC7045 /* LaunchScreen.storyboard */,
				839589381E95506400CC7045 /* Info.plist */,
			);
			path = ClipboardManager;
			sourceTree = "<group>";
		};
		83A0C3EF1E9564D5007A6C39 /* Controllers */ = {
			isa = PBXGroup;
			children = (
				8392E6D91E9A48F200539037 /* Landing */,
			);
			path = Controllers;
			sourceTree = "<group>";
		};
		83A0C3F01E9564EE007A6C39 /* Views */ = {
			isa = PBXGroup;
			children = (
				8378156A1EA6962F0030CD07 /* TVCells */,
			);
			path = Views;
			sourceTree = "<group>";
		};
		83A0C3F11E956503007A6C39 /* Models */ = {
			isa = PBXGroup;
			children = (
				8350D3761E97F7E000B20551 /* Record.swift */,
			);
			path = Models;
			sourceTree = "<group>";
		};
		A0570DE890F291A61D30338C /* Frameworks */ = {
			isa = PBXGroup;
			children = (
				1019FDA793565443E08240A0 /* Pods_ClipboardManager.framework */,
			);
			name = Frameworks;
			sourceTree = "<group>";
		};
/* End PBXGroup section */

/* Begin PBXNativeTarget section */
		839589281E95506400CC7045 /* ClipboardManager */ = {
			isa = PBXNativeTarget;
			buildConfigurationList = 8395893B1E95506400CC7045 /* Build configuration list for PBXNativeTarget "ClipboardManager" */;
			buildPhases = (
				2F05F1C3CC907DE91344D5B1 /* [CP] Check Pods Manifest.lock */,
				839589251E95506400CC7045 /* Sources */,
				839589261E95506400CC7045 /* Frameworks */,
				839589271E95506400CC7045 /* Resources */,
				9471DF412ADBAE1A44B3EE63 /* [CP] Embed Pods Frameworks */,
				4FC166AA3B872523F25D1EBA /* [CP] Copy Pods Resources */,
			);
			buildRules = (
			);
			dependencies = (
			);
			name = ClipboardManager;
			productName = ClipboardManager;
			productReference = 839589291E95506400CC7045 /* ClipboardManager.app */;
			productType = "com.apple.product-type.application";
		};
/* End PBXNativeTarget section */

/* Begin PBXProject section */
		839589211E95506400CC7045 /* Project object */ = {
			isa = PBXProject;
			attributes = {
				LastSwiftUpdateCheck = 0830;
				LastUpgradeCheck = 0830;
				TargetAttributes = {
					839589281E95506400CC7045 = {
						CreatedOnToolsVersion = 8.3;
						DevelopmentTeam = X3U3JAN2WV;
						ProvisioningStyle = Automatic;
					};
				};
			};
			buildConfigurationList = 839589241E95506400CC7045 /* Build configuration list for PBXProject "ClipboardManager" */;
			compatibilityVersion = "Xcode 3.2";
			developmentRegion = English;
			hasScannedForEncodings = 0;
			knownRegions = (
				en,
				Base,
			);
			mainGroup = 839589201E95506400CC7045;
			productRefGroup = 8395892A1E95506400CC7045 /* Products */;
			projectDirPath = "";
			projectRoot = "";
			targets = (
				839589281E95506400CC7045 /* ClipboardManager */,
			);
		};
/* End PBXProject section */

/* Begin PBXResourcesBuildPhase section */
		839589271E95506400CC7045 /* Resources */ = {
			isa = PBXResourcesBuildPhase;
			buildActionMask = 2147483647;
			files = (
				839589371E95506400CC7045 /* LaunchScreen.storyboard in Resources */,
				839589341E95506400CC7045 /* Assets.xcassets in Resources */,
				837815751EA6ACB50030CD07 /* ImageTVCell.xib in Resources */,
				8378156E1EA696720030CD07 /* TextTVCell.xib in Resources */,
				839589321E95506400CC7045 /* Main.storyboard in Resources */,
			);
			runOnlyForDeploymentPostprocessing = 0;
		};
/* End PBXResourcesBuildPhase section */

/* Begin PBXShellScriptBuildPhase section */
		2F05F1C3CC907DE91344D5B1 /* [CP] Check Pods Manifest.lock */ = {
			isa = PBXShellScriptBuildPhase;
			buildActionMask = 2147483647;
			files = (
			);
			inputPaths = (
			);
			name = "[CP] Check Pods Manifest.lock";
			outputPaths = (
			);
			runOnlyForDeploymentPostprocessing = 0;
			shellPath = /bin/sh;
			shellScript = "diff \"${PODS_ROOT}/../Podfile.lock\" \"${PODS_ROOT}/Manifest.lock\" > /dev/null\nif [ $? != 0 ] ; then\n    # print error to STDERR\n    echo \"error: The sandbox is not in sync with the Podfile.lock. Run 'pod install' or update your CocoaPods installation.\" >&2\n    exit 1\nfi\n";
			showEnvVarsInLog = 0;
		};
		4FC166AA3B872523F25D1EBA /* [CP] Copy Pods Resources */ = {
			isa = PBXShellScriptBuildPhase;
			buildActionMask = 2147483647;
			files = (
			);
			inputPaths = (
			);
			name = "[CP] Copy Pods Resources";
			outputPaths = (
			);
			runOnlyForDeploymentPostprocessing = 0;
			shellPath = /bin/sh;
			shellScript = "\"${SRCROOT}/Pods/Target Support Files/Pods-ClipboardManager/Pods-ClipboardManager-resources.sh\"\n";
			showEnvVarsInLog = 0;
		};
		9471DF412ADBAE1A44B3EE63 /* [CP] Embed Pods Frameworks */ = {
			isa = PBXShellScriptBuildPhase;
			buildActionMask = 2147483647;
			files = (
			);
			inputPaths = (
			);
			name = "[CP] Embed Pods Frameworks";
			outputPaths = (
			);
			runOnlyForDeploymentPostprocessing = 0;
			shellPath = /bin/sh;
			shellScript = "\"${SRCROOT}/Pods/Target Support Files/Pods-ClipboardManager/Pods-ClipboardManager-frameworks.sh\"\n";
			showEnvVarsInLog = 0;
		};
/* End PBXShellScriptBuildPhase section */

/* Begin PBXSourcesBuildPhase section */
		839589251E95506400CC7045 /* Sources */ = {
			isa = PBXSourcesBuildPhase;
			buildActionMask = 2147483647;
			files = (
				83A0C3F31E956542007A6C39 /* AppDelegate.swift in Sources */,
				8378156D1EA696720030CD07 /* TextTVCell.swift in Sources */,
				837815771EA6B7D60030CD07 /* PasteboardManager.swift in Sources */,
				83A0C3F51E9565B0007A6C39 /* LandingController.swift in Sources */,
				837815741EA6ACB50030CD07 /* ImageTVCell.swift in Sources */,
				837815711EA69E180030CD07 /* Protocols.swift in Sources */,
				8392E6D81E9A360200539037 /* LandingViewModel.swift in Sources */,
				8350D3771E97F7E000B20551 /* Record.swift in Sources */,
			);
			runOnlyForDeploymentPostprocessing = 0;
		};
/* End PBXSourcesBuildPhase section */

/* Begin PBXVariantGroup section */
		839589301E95506400CC7045 /* Main.storyboard */ = {
			isa = PBXVariantGroup;
			children = (
				839589311E95506400CC7045 /* Base */,
			);
			name = Main.storyboard;
			sourceTree = "<group>";
		};
		839589351E95506400CC7045 /* LaunchScreen.storyboard */ = {
			isa = PBXVariantGroup;
			children = (
				839589361E95506400CC7045 /* Base */,
			);
			name = LaunchScreen.storyboard;
			sourceTree = "<group>";
		};
/* End PBXVariantGroup section */

/* Begin XCBuildConfiguration section */
		839589391E95506400CC7045 /* Debug */ = {
			isa = XCBuildConfiguration;
			buildSettings = {
				ALWAYS_SEARCH_USER_PATHS = NO;
				CLANG_ANALYZER_NONNULL = YES;
				CLANG_ANALYZER_NUMBER_OBJECT_CONVERSION = YES_AGGRESSIVE;
				CLANG_CXX_LANGUAGE_STANDARD = "gnu++0x";
				CLANG_CXX_LIBRARY = "libc++";
				CLANG_ENABLE_MODULES = YES;
				CLANG_ENABLE_OBJC_ARC = YES;
				CLANG_WARN_BOOL_CONVERSION = YES;
				CLANG_WARN_CONSTANT_CONVERSION = YES;
				CLANG_WARN_DIRECT_OBJC_ISA_USAGE = YES_ERROR;
				CLANG_WARN_DOCUMENTATION_COMMENTS = YES;
				CLANG_WARN_EMPTY_BODY = YES;
				CLANG_WARN_ENUM_CONVERSION = YES;
				CLANG_WARN_INFINITE_RECURSION = YES;
				CLANG_WARN_INT_CONVERSION = YES;
				CLANG_WARN_OBJC_ROOT_CLASS = YES_ERROR;
				CLANG_WARN_SUSPICIOUS_MOVE = YES;
				CLANG_WARN_UNREACHABLE_CODE = YES;
				CLANG_WARN__DUPLICATE_METHOD_MATCH = YES;
				"CODE_SIGN_IDENTITY[sdk=iphoneos*]" = "iPhone Developer";
				COPY_PHASE_STRIP = NO;
				DEBUG_INFORMATION_FORMAT = dwarf;
				ENABLE_STRICT_OBJC_MSGSEND = YES;
				ENABLE_TESTABILITY = YES;
				GCC_C_LANGUAGE_STANDARD = gnu99;
				GCC_DYNAMIC_NO_PIC = NO;
				GCC_NO_COMMON_BLOCKS = YES;
				GCC_OPTIMIZATION_LEVEL = 0;
				GCC_PREPROCESSOR_DEFINITIONS = (
					"DEBUG=1",
					"$(inherited)",
				);
				GCC_WARN_64_TO_32_BIT_CONVERSION = YES;
				GCC_WARN_ABOUT_RETURN_TYPE = YES_ERROR;
				GCC_WARN_UNDECLARED_SELECTOR = YES;
				GCC_WARN_UNINITIALIZED_AUTOS = YES_AGGRESSIVE;
				GCC_WARN_UNUSED_FUNCTION = YES;
				GCC_WARN_UNUSED_VARIABLE = YES;
				IPHONEOS_DEPLOYMENT_TARGET = 10.3;
				MTL_ENABLE_DEBUG_INFO = YES;
				ONLY_ACTIVE_ARCH = YES;
				SDKROOT = iphoneos;
				SWIFT_ACTIVE_COMPILATION_CONDITIONS = DEBUG;
				SWIFT_OPTIMIZATION_LEVEL = "-Onone";
			};
			name = Debug;
		};
		8395893A1E95506400CC7045 /* Release */ = {
			isa = XCBuildConfiguration;
			buildSettings = {
				ALWAYS_SEARCH_USER_PATHS = NO;
				CLANG_ANALYZER_NONNULL = YES;
				CLANG_ANALYZER_NUMBER_OBJECT_CONVERSION = YES_AGGRESSIVE;
				CLANG_CXX_LANGUAGE_STANDARD = "gnu++0x";
				CLANG_CXX_LIBRARY = "libc++";
				CLANG_ENABLE_MODULES = YES;
				CLANG_ENABLE_OBJC_ARC = YES;
				CLANG_WARN_BOOL_CONVERSION = YES;
				CLANG_WARN_CONSTANT_CONVERSION = YES;
				CLANG_WARN_DIRECT_OBJC_ISA_USAGE = YES_ERROR;
				CLANG_WARN_DOCUMENTATION_COMMENTS = YES;
				CLANG_WARN_EMPTY_BODY = YES;
				CLANG_WARN_ENUM_CONVERSION = YES;
				CLANG_WARN_INFINITE_RECURSION = YES;
				CLANG_WARN_INT_CONVERSION = YES;
				CLANG_WARN_OBJC_ROOT_CLASS = YES_ERROR;
				CLANG_WARN_SUSPICIOUS_MOVE = YES;
				CLANG_WARN_UNREACHABLE_CODE = YES;
				CLANG_WARN__DUPLICATE_METHOD_MATCH = YES;
				"CODE_SIGN_IDENTITY[sdk=iphoneos*]" = "iPhone Developer";
				COPY_PHASE_STRIP = NO;
				DEBUG_INFORMATION_FORMAT = "dwarf-with-dsym";
				ENABLE_NS_ASSERTIONS = NO;
				ENABLE_STRICT_OBJC_MSGSEND = YES;
				GCC_C_LANGUAGE_STANDARD = gnu99;
				GCC_NO_COMMON_BLOCKS = YES;
				GCC_WARN_64_TO_32_BIT_CONVERSION = YES;
				GCC_WARN_ABOUT_RETURN_TYPE = YES_ERROR;
				GCC_WARN_UNDECLARED_SELECTOR = YES;
				GCC_WARN_UNINITIALIZED_AUTOS = YES_AGGRESSIVE;
				GCC_WARN_UNUSED_FUNCTION = YES;
				GCC_WARN_UNUSED_VARIABLE = YES;
				IPHONEOS_DEPLOYMENT_TARGET = 10.3;
				MTL_ENABLE_DEBUG_INFO = NO;
				SDKROOT = iphoneos;
				SWIFT_OPTIMIZATION_LEVEL = "-Owholemodule";
				VALIDATE_PRODUCT = YES;
			};
			name = Release;
		};
		8395893C1E95506400CC7045 /* Debug */ = {
			isa = XCBuildConfiguration;
			baseConfigurationReference = 47053F302B9296E81A8C7D75 /* Pods-ClipboardManager.debug.xcconfig */;
			buildSettings = {
				ASSETCATALOG_COMPILER_APPICON_NAME = AppIcon;
				DEVELOPMENT_TEAM = X3U3JAN2WV;
				INFOPLIST_FILE = ClipboardManager/Info.plist;
				LD_RUNPATH_SEARCH_PATHS = "$(inherited) @executable_path/Frameworks";
				PRODUCT_BUNDLE_IDENTIFIER = com.denis.korneev.ClipboardManager;
				PRODUCT_NAME = "$(TARGET_NAME)";
				SWIFT_VERSION = 3.0;
			};
			name = Debug;
		};
		8395893D1E95506400CC7045 /* Release */ = {
			isa = XCBuildConfiguration;
			baseConfigurationReference = C804B090E71E606DC40DF3E3 /* Pods-ClipboardManager.release.xcconfig */;
			buildSettings = {
				ASSETCATALOG_COMPILER_APPICON_NAME = AppIcon;
				DEVELOPMENT_TEAM = X3U3JAN2WV;
				INFOPLIST_FILE = ClipboardManager/Info.plist;
				LD_RUNPATH_SEARCH_PATHS = "$(inherited) @executable_path/Frameworks";
				PRODUCT_BUNDLE_IDENTIFIER = com.denis.korneev.ClipboardManager;
				PRODUCT_NAME = "$(TARGET_NAME)";
				SWIFT_VERSION = 3.0;
			};
			name = Release;
		};
/* End XCBuildConfiguration section */

/* Begin XCConfigurationList section */
		839589241E95506400CC7045 /* Build configuration list for PBXProject "ClipboardManager" */ = {
			isa = XCConfigurationList;
			buildConfigurations = (
				839589391E95506400CC7045 /* Debug */,
				8395893A1E95506400CC7045 /* Release */,
			);
			defaultConfigurationIsVisible = 0;
			defaultConfigurationName = Release;
		};
		8395893B1E95506400CC7045 /* Build configuration list for PBXNativeTarget "ClipboardManager" */ = {
			isa = XCConfigurationList;
			buildConfigurations = (
				8395893C1E95506400CC7045 /* Debug */,
				8395893D1E95506400CC7045 /* Release */,
			);
			defaultConfigurationIsVisible = 0;
			defaultConfigurationName = Release;
		};
/* End XCConfigurationList section */
	};
	rootObject = 839589211E95506400CC7045 /* Project object */;
}
