// !$*UTF8*$!
{
	archiveVersion = 1;
	classes = {
	};
	objectVersion = 46;
	objects = {

/* Begin PBXBuildFile section */
		0D961B0A745AF5A0C415F062 /* Pods_ClipboardManager.framework in Frameworks */ = {isa = PBXBuildFile; fileRef = 8D720678880D20132E64F68F /* Pods_ClipboardManager.framework */; };
		559CC41E4FC72E24DA34E5C4 /* Pods_ClipboardManagerUITests.framework in Frameworks */ = {isa = PBXBuildFile; fileRef = 3E9BDB5C378D4EAA40A5EAAC /* Pods_ClipboardManagerUITests.framework */; };
		762E943B851E5C07A5BCC344 /* Pods_QuickButtons.framework in Frameworks */ = {isa = PBXBuildFile; fileRef = 233896EA0AA307B74509B6CE /* Pods_QuickButtons.framework */; };
		831427132008F72B00C5F094 /* ClipboardViewControllerUITests.swift in Sources */ = {isa = PBXBuildFile; fileRef = 831427122008F72B00C5F094 /* ClipboardViewControllerUITests.swift */; };
		83297C07200D44C500BE0540 /* ClipboardViewController.swift in Sources */ = {isa = PBXBuildFile; fileRef = 83A0C3F41E9565B0007A6C39 /* ClipboardViewController.swift */; };
		83297C08200D44F300BE0540 /* Protocols.swift in Sources */ = {isa = PBXBuildFile; fileRef = 837815701EA69E180030CD07 /* Protocols.swift */; };
		83297C09200D450100BE0540 /* ImageTVCell.swift in Sources */ = {isa = PBXBuildFile; fileRef = 837815721EA6ACB50030CD07 /* ImageTVCell.swift */; };
		83297C0A200D450100BE0540 /* ImageTVCell.xib in Resources */ = {isa = PBXBuildFile; fileRef = 837815731EA6ACB50030CD07 /* ImageTVCell.xib */; };
		83297C0B200D450100BE0540 /* TextTVCell.swift in Sources */ = {isa = PBXBuildFile; fileRef = 8378156B1EA696720030CD07 /* TextTVCell.swift */; };
		83297C0C200D450100BE0540 /* TextTVCell.xib in Resources */ = {isa = PBXBuildFile; fileRef = 8378156C1EA696720030CD07 /* TextTVCell.xib */; };
		8330DBDA1F51A9F500B81CCD /* NotificationCenter.framework in Frameworks */ = {isa = PBXBuildFile; fileRef = 8330DBD91F51A9F500B81CCD /* NotificationCenter.framework */; };
		8330DBDD1F51A9F500B81CCD /* TodayViewController.swift in Sources */ = {isa = PBXBuildFile; fileRef = 8330DBDC1F51A9F500B81CCD /* TodayViewController.swift */; };
		8330DBE01F51A9F500B81CCD /* MainInterface.storyboard in Resources */ = {isa = PBXBuildFile; fileRef = 8330DBDE1F51A9F500B81CCD /* MainInterface.storyboard */; };
		8330DBE41F51A9F500B81CCD /* QuickButtons.appex in Embed App Extensions */ = {isa = PBXBuildFile; fileRef = 8330DBD81F51A9F500B81CCD /* QuickButtons.appex */; settings = {ATTRIBUTES = (RemoveHeadersOnCopy, ); }; };
		833CB594200CE66700C1E9C6 /* RecordModel.swift in Sources */ = {isa = PBXBuildFile; fileRef = 833CB593200CE66700C1E9C6 /* RecordModel.swift */; };
		833CB595200CE76200C1E9C6 /* RecordModel.swift in Sources */ = {isa = PBXBuildFile; fileRef = 833CB593200CE66700C1E9C6 /* RecordModel.swift */; };
		833EF1772008C038001CD7D1 /* test-image-1.jpeg in Resources */ = {isa = PBXBuildFile; fileRef = 833EF1752008C037001CD7D1 /* test-image-1.jpeg */; };
		833EF1782008C038001CD7D1 /* test-image-2.jpeg in Resources */ = {isa = PBXBuildFile; fileRef = 833EF1762008C038001CD7D1 /* test-image-2.jpeg */; };
		8347B9D32008FE0800824602 /* TestClipboardViewModel.swift in Sources */ = {isa = PBXBuildFile; fileRef = 8347B9D22008FE0800824602 /* TestClipboardViewModel.swift */; };
		8347B9D52008FE1F00824602 /* Resolution.swift in Sources */ = {isa = PBXBuildFile; fileRef = 8347B9D42008FE1F00824602 /* Resolution.swift */; };
		8350D3771E97F7E000B20551 /* Record.swift in Sources */ = {isa = PBXBuildFile; fileRef = 8350D3761E97F7E000B20551 /* Record.swift */; };
		836834BE2006623700C69A42 /* WidgetView.xib in Resources */ = {isa = PBXBuildFile; fileRef = 836834BD2006623700C69A42 /* WidgetView.xib */; };
		836834C0200662DF00C69A42 /* WidgetView.swift in Sources */ = {isa = PBXBuildFile; fileRef = 836834BF200662DF00C69A42 /* WidgetView.swift */; };
		83683EB7200D06B200A7498E /* RecordsProviderTests.swift in Sources */ = {isa = PBXBuildFile; fileRef = 83683EB6200D06B200A7498E /* RecordsProviderTests.swift */; };
		8378156D1EA696720030CD07 /* TextTVCell.swift in Sources */ = {isa = PBXBuildFile; fileRef = 8378156B1EA696720030CD07 /* TextTVCell.swift */; };
		8378156E1EA696720030CD07 /* TextTVCell.xib in Resources */ = {isa = PBXBuildFile; fileRef = 8378156C1EA696720030CD07 /* TextTVCell.xib */; };
		837815711EA69E180030CD07 /* Protocols.swift in Sources */ = {isa = PBXBuildFile; fileRef = 837815701EA69E180030CD07 /* Protocols.swift */; };
		837815741EA6ACB50030CD07 /* ImageTVCell.swift in Sources */ = {isa = PBXBuildFile; fileRef = 837815721EA6ACB50030CD07 /* ImageTVCell.swift */; };
		837815751EA6ACB50030CD07 /* ImageTVCell.xib in Resources */ = {isa = PBXBuildFile; fileRef = 837815731EA6ACB50030CD07 /* ImageTVCell.xib */; };
		837815771EA6B7D60030CD07 /* PasteboardManager.swift in Sources */ = {isa = PBXBuildFile; fileRef = 837815761EA6B7D60030CD07 /* PasteboardManager.swift */; };
		8380FC6D1FF8068D00BD3C46 /* RecordsProvider.swift in Sources */ = {isa = PBXBuildFile; fileRef = 8380FC6C1FF8068D00BD3C46 /* RecordsProvider.swift */; };
		838196972004D40800DBA6F6 /* TestRecordsProvider.swift in Sources */ = {isa = PBXBuildFile; fileRef = 838196962004D40800DBA6F6 /* TestRecordsProvider.swift */; };
		838196992004D43300DBA6F6 /* TestRecord.swift in Sources */ = {isa = PBXBuildFile; fileRef = 838196982004D43300DBA6F6 /* TestRecord.swift */; };
		8381969B2004D44C00DBA6F6 /* TestPasteboardManager.swift in Sources */ = {isa = PBXBuildFile; fileRef = 8381969A2004D44C00DBA6F6 /* TestPasteboardManager.swift */; };
		83827F312006B1300097C548 /* Constants.swift in Sources */ = {isa = PBXBuildFile; fileRef = 83827F302006B1300097C548 /* Constants.swift */; };
		83827F322006B1300097C548 /* Constants.swift in Sources */ = {isa = PBXBuildFile; fileRef = 83827F302006B1300097C548 /* Constants.swift */; };
		8384E32420090A1A00FF34E9 /* test-image-1.jpeg in Resources */ = {isa = PBXBuildFile; fileRef = 833EF1752008C037001CD7D1 /* test-image-1.jpeg */; };
		8384E32520090A1C00FF34E9 /* test-image-2.jpeg in Resources */ = {isa = PBXBuildFile; fileRef = 833EF1762008C038001CD7D1 /* test-image-2.jpeg */; };
		8384E32920090FA800FF34E9 /* WidgetViewUITests.swift in Sources */ = {isa = PBXBuildFile; fileRef = 8384E32820090FA800FF34E9 /* WidgetViewUITests.swift */; };
		8392E6D81E9A360200539037 /* ClipboardViewModel.swift in Sources */ = {isa = PBXBuildFile; fileRef = 8392E6D71E9A360200539037 /* ClipboardViewModel.swift */; };
		83936D631FF7F90300554E39 /* ClipboardViewModelTests.swift in Sources */ = {isa = PBXBuildFile; fileRef = 83936D621FF7F90300554E39 /* ClipboardViewModelTests.swift */; };
		839589321E95506400CC7045 /* Main.storyboard in Resources */ = {isa = PBXBuildFile; fileRef = 839589301E95506400CC7045 /* Main.storyboard */; };
		839589341E95506400CC7045 /* Assets.xcassets in Resources */ = {isa = PBXBuildFile; fileRef = 839589331E95506400CC7045 /* Assets.xcassets */; };
		839589371E95506400CC7045 /* LaunchScreen.storyboard in Resources */ = {isa = PBXBuildFile; fileRef = 839589351E95506400CC7045 /* LaunchScreen.storyboard */; };
		839D7F62200D48C40045D3C1 /* WidgetView.swift in Sources */ = {isa = PBXBuildFile; fileRef = 836834BF200662DF00C69A42 /* WidgetView.swift */; };
		839D7F63200D48CA0045D3C1 /* WidgetView.xib in Resources */ = {isa = PBXBuildFile; fileRef = 836834BD2006623700C69A42 /* WidgetView.xib */; };
		839D7F65200D4A180045D3C1 /* RecordsFabricator.swift in Sources */ = {isa = PBXBuildFile; fileRef = 839D7F64200D4A180045D3C1 /* RecordsFabricator.swift */; };
		83A0C3F31E956542007A6C39 /* AppDelegate.swift in Sources */ = {isa = PBXBuildFile; fileRef = 83A0C3F21E956542007A6C39 /* AppDelegate.swift */; };
		83A0C3F51E9565B0007A6C39 /* ClipboardViewController.swift in Sources */ = {isa = PBXBuildFile; fileRef = 83A0C3F41E9565B0007A6C39 /* ClipboardViewController.swift */; };
		83B72D3920066A030006CA9E /* Protocols.swift in Sources */ = {isa = PBXBuildFile; fileRef = 837815701EA69E180030CD07 /* Protocols.swift */; };
		83C5C5DA2006952400490DB0 /* ClipboardViewModel.swift in Sources */ = {isa = PBXBuildFile; fileRef = 8392E6D71E9A360200539037 /* ClipboardViewModel.swift */; };
		83C5C5DB2006952D00490DB0 /* Record.swift in Sources */ = {isa = PBXBuildFile; fileRef = 8350D3761E97F7E000B20551 /* Record.swift */; };
		83C5C5DC2006953000490DB0 /* RecordsProvider.swift in Sources */ = {isa = PBXBuildFile; fileRef = 8380FC6C1FF8068D00BD3C46 /* RecordsProvider.swift */; };
		83C5C5DD2006953200490DB0 /* PasteboardManager.swift in Sources */ = {isa = PBXBuildFile; fileRef = 837815761EA6B7D60030CD07 /* PasteboardManager.swift */; };
		83E0D474202C8AD500CA9F87 /* RealmProvider.swift in Sources */ = {isa = PBXBuildFile; fileRef = 83E0D473202C8AD500CA9F87 /* RealmProvider.swift */; };
		83E0D475202C8B3000CA9F87 /* RealmProvider.swift in Sources */ = {isa = PBXBuildFile; fileRef = 83E0D473202C8AD500CA9F87 /* RealmProvider.swift */; };
		83EA7718200901C7006DC03F /* FBSnapshotTestCase+Extensions.swift in Sources */ = {isa = PBXBuildFile; fileRef = 83EA7717200901C7006DC03F /* FBSnapshotTestCase+Extensions.swift */; };
		B6738E15E7FE261BC5943D9A /* Pods_ClipboardManagerTests.framework in Frameworks */ = {isa = PBXBuildFile; fileRef = E450BCF3DEDFDB032098AB4C /* Pods_ClipboardManagerTests.framework */; };
/* End PBXBuildFile section */

/* Begin PBXContainerItemProxy section */
		831427152008F72B00C5F094 /* PBXContainerItemProxy */ = {
			isa = PBXContainerItemProxy;
			containerPortal = 839589211E95506400CC7045 /* Project object */;
			proxyType = 1;
			remoteGlobalIDString = 839589281E95506400CC7045;
			remoteInfo = ClipboardManager;
		};
		8330DBE21F51A9F500B81CCD /* PBXContainerItemProxy */ = {
			isa = PBXContainerItemProxy;
			containerPortal = 839589211E95506400CC7045 /* Project object */;
			proxyType = 1;
			remoteGlobalIDString = 8330DBD71F51A9F500B81CCD;
			remoteInfo = QuickButtons;
		};
		83936D651FF7F90300554E39 /* PBXContainerItemProxy */ = {
			isa = PBXContainerItemProxy;
			containerPortal = 839589211E95506400CC7045 /* Project object */;
			proxyType = 1;
			remoteGlobalIDString = 839589281E95506400CC7045;
			remoteInfo = ClipboardManager;
		};
/* End PBXContainerItemProxy section */

/* Begin PBXCopyFilesBuildPhase section */
		8330DBE81F51A9F500B81CCD /* Embed App Extensions */ = {
			isa = PBXCopyFilesBuildPhase;
			buildActionMask = 2147483647;
			dstPath = "";
			dstSubfolderSpec = 13;
			files = (
				8330DBE41F51A9F500B81CCD /* QuickButtons.appex in Embed App Extensions */,
			);
			name = "Embed App Extensions";
			runOnlyForDeploymentPostprocessing = 0;
		};
/* End PBXCopyFilesBuildPhase section */

/* Begin PBXFileReference section */
		233896EA0AA307B74509B6CE /* Pods_QuickButtons.framework */ = {isa = PBXFileReference; explicitFileType = wrapper.framework; includeInIndex = 0; path = Pods_QuickButtons.framework; sourceTree = BUILT_PRODUCTS_DIR; };
		3E9BDB5C378D4EAA40A5EAAC /* Pods_ClipboardManagerUITests.framework */ = {isa = PBXFileReference; explicitFileType = wrapper.framework; includeInIndex = 0; path = Pods_ClipboardManagerUITests.framework; sourceTree = BUILT_PRODUCTS_DIR; };
		6FEE4988EE16BD8BEB5F112C /* Pods-QuickButtons.release.xcconfig */ = {isa = PBXFileReference; includeInIndex = 1; lastKnownFileType = text.xcconfig; name = "Pods-QuickButtons.release.xcconfig"; path = "Pods/Target Support Files/Pods-QuickButtons/Pods-QuickButtons.release.xcconfig"; sourceTree = "<group>"; };
		73742AF3CA282DA265840156 /* Pods-QuickButtons.debug.xcconfig */ = {isa = PBXFileReference; includeInIndex = 1; lastKnownFileType = text.xcconfig; name = "Pods-QuickButtons.debug.xcconfig"; path = "Pods/Target Support Files/Pods-QuickButtons/Pods-QuickButtons.debug.xcconfig"; sourceTree = "<group>"; };
		831427102008F72B00C5F094 /* ClipboardManagerUITests.xctest */ = {isa = PBXFileReference; explicitFileType = wrapper.cfbundle; includeInIndex = 0; path = ClipboardManagerUITests.xctest; sourceTree = BUILT_PRODUCTS_DIR; };
		831427122008F72B00C5F094 /* ClipboardViewControllerUITests.swift */ = {isa = PBXFileReference; lastKnownFileType = sourcecode.swift; path = ClipboardViewControllerUITests.swift; sourceTree = "<group>"; };
		831427142008F72B00C5F094 /* Info.plist */ = {isa = PBXFileReference; lastKnownFileType = text.plist.xml; path = Info.plist; sourceTree = "<group>"; };
		8330DBD81F51A9F500B81CCD /* QuickButtons.appex */ = {isa = PBXFileReference; explicitFileType = "wrapper.app-extension"; includeInIndex = 0; path = QuickButtons.appex; sourceTree = BUILT_PRODUCTS_DIR; };
		8330DBD91F51A9F500B81CCD /* NotificationCenter.framework */ = {isa = PBXFileReference; lastKnownFileType = wrapper.framework; name = NotificationCenter.framework; path = System/Library/Frameworks/NotificationCenter.framework; sourceTree = SDKROOT; };
		8330DBDC1F51A9F500B81CCD /* TodayViewController.swift */ = {isa = PBXFileReference; lastKnownFileType = sourcecode.swift; path = TodayViewController.swift; sourceTree = "<group>"; };
		8330DBDF1F51A9F500B81CCD /* Base */ = {isa = PBXFileReference; lastKnownFileType = file.storyboard; name = Base; path = Base.lproj/MainInterface.storyboard; sourceTree = "<group>"; };
		8330DBE11F51A9F500B81CCD /* Info.plist */ = {isa = PBXFileReference; lastKnownFileType = text.plist.xml; path = Info.plist; sourceTree = "<group>"; };
		833CB593200CE66700C1E9C6 /* RecordModel.swift */ = {isa = PBXFileReference; lastKnownFileType = sourcecode.swift; path = RecordModel.swift; sourceTree = "<group>"; };
		833EF1752008C037001CD7D1 /* test-image-1.jpeg */ = {isa = PBXFileReference; lastKnownFileType = image.jpeg; path = "test-image-1.jpeg"; sourceTree = "<group>"; };
		833EF1762008C038001CD7D1 /* test-image-2.jpeg */ = {isa = PBXFileReference; lastKnownFileType = image.jpeg; path = "test-image-2.jpeg"; sourceTree = "<group>"; };
		8347B9D22008FE0800824602 /* TestClipboardViewModel.swift */ = {isa = PBXFileReference; lastKnownFileType = sourcecode.swift; path = TestClipboardViewModel.swift; sourceTree = "<group>"; };
		8347B9D42008FE1F00824602 /* Resolution.swift */ = {isa = PBXFileReference; lastKnownFileType = sourcecode.swift; path = Resolution.swift; sourceTree = "<group>"; };
		8350D3761E97F7E000B20551 /* Record.swift */ = {isa = PBXFileReference; fileEncoding = 4; lastKnownFileType = sourcecode.swift; path = Record.swift; sourceTree = "<group>"; };
		836834BD2006623700C69A42 /* WidgetView.xib */ = {isa = PBXFileReference; lastKnownFileType = file.xib; path = WidgetView.xib; sourceTree = "<group>"; };
		836834BF200662DF00C69A42 /* WidgetView.swift */ = {isa = PBXFileReference; lastKnownFileType = sourcecode.swift; path = WidgetView.swift; sourceTree = "<group>"; };
		83683EB6200D06B200A7498E /* RecordsProviderTests.swift */ = {isa = PBXFileReference; lastKnownFileType = sourcecode.swift; path = RecordsProviderTests.swift; sourceTree = "<group>"; };
		8378156B1EA696720030CD07 /* TextTVCell.swift */ = {isa = PBXFileReference; fileEncoding = 4; lastKnownFileType = sourcecode.swift; path = TextTVCell.swift; sourceTree = "<group>"; };
		8378156C1EA696720030CD07 /* TextTVCell.xib */ = {isa = PBXFileReference; fileEncoding = 4; lastKnownFileType = file.xib; path = TextTVCell.xib; sourceTree = "<group>"; };
		837815701EA69E180030CD07 /* Protocols.swift */ = {isa = PBXFileReference; fileEncoding = 4; lastKnownFileType = sourcecode.swift; path = Protocols.swift; sourceTree = "<group>"; };
		837815721EA6ACB50030CD07 /* ImageTVCell.swift */ = {isa = PBXFileReference; fileEncoding = 4; lastKnownFileType = sourcecode.swift; path = ImageTVCell.swift; sourceTree = "<group>"; };
		837815731EA6ACB50030CD07 /* ImageTVCell.xib */ = {isa = PBXFileReference; fileEncoding = 4; lastKnownFileType = file.xib; path = ImageTVCell.xib; sourceTree = "<group>"; };
		837815761EA6B7D60030CD07 /* PasteboardManager.swift */ = {isa = PBXFileReference; fileEncoding = 4; lastKnownFileType = sourcecode.swift; path = PasteboardManager.swift; sourceTree = "<group>"; };
		8380FC6C1FF8068D00BD3C46 /* RecordsProvider.swift */ = {isa = PBXFileReference; lastKnownFileType = sourcecode.swift; path = RecordsProvider.swift; sourceTree = "<group>"; };
		838196962004D40800DBA6F6 /* TestRecordsProvider.swift */ = {isa = PBXFileReference; lastKnownFileType = sourcecode.swift; path = TestRecordsProvider.swift; sourceTree = "<group>"; };
		838196982004D43300DBA6F6 /* TestRecord.swift */ = {isa = PBXFileReference; lastKnownFileType = sourcecode.swift; path = TestRecord.swift; sourceTree = "<group>"; };
		8381969A2004D44C00DBA6F6 /* TestPasteboardManager.swift */ = {isa = PBXFileReference; lastKnownFileType = sourcecode.swift; path = TestPasteboardManager.swift; sourceTree = "<group>"; };
		83827F2E2006B04E0097C548 /* ClipboardManager.entitlements */ = {isa = PBXFileReference; lastKnownFileType = text.plist.entitlements; path = ClipboardManager.entitlements; sourceTree = "<group>"; };
		83827F2F2006B0700097C548 /* QuickButtons.entitlements */ = {isa = PBXFileReference; lastKnownFileType = text.plist.entitlements; path = QuickButtons.entitlements; sourceTree = "<group>"; };
		83827F302006B1300097C548 /* Constants.swift */ = {isa = PBXFileReference; lastKnownFileType = sourcecode.swift; path = Constants.swift; sourceTree = "<group>"; };
		8384E32820090FA800FF34E9 /* WidgetViewUITests.swift */ = {isa = PBXFileReference; lastKnownFileType = sourcecode.swift; path = WidgetViewUITests.swift; sourceTree = "<group>"; };
		8392E6D71E9A360200539037 /* ClipboardViewModel.swift */ = {isa = PBXFileReference; fileEncoding = 4; lastKnownFileType = sourcecode.swift; path = ClipboardViewModel.swift; sourceTree = "<group>"; };
		83936D601FF7F90300554E39 /* ClipboardManagerTests.xctest */ = {isa = PBXFileReference; explicitFileType = wrapper.cfbundle; includeInIndex = 0; path = ClipboardManagerTests.xctest; sourceTree = BUILT_PRODUCTS_DIR; };
		83936D621FF7F90300554E39 /* ClipboardViewModelTests.swift */ = {isa = PBXFileReference; lastKnownFileType = sourcecode.swift; path = ClipboardViewModelTests.swift; sourceTree = "<group>"; };
		83936D641FF7F90300554E39 /* Info.plist */ = {isa = PBXFileReference; lastKnownFileType = text.plist.xml; path = Info.plist; sourceTree = "<group>"; };
		839589291E95506400CC7045 /* ClipboardManager.app */ = {isa = PBXFileReference; explicitFileType = wrapper.application; includeInIndex = 0; path = ClipboardManager.app; sourceTree = BUILT_PRODUCTS_DIR; };
		839589311E95506400CC7045 /* Base */ = {isa = PBXFileReference; lastKnownFileType = file.storyboard; name = Base; path = Base.lproj/Main.storyboard; sourceTree = "<group>"; };
		839589331E95506400CC7045 /* Assets.xcassets */ = {isa = PBXFileReference; lastKnownFileType = folder.assetcatalog; path = Assets.xcassets; sourceTree = "<group>"; };
		839589361E95506400CC7045 /* Base */ = {isa = PBXFileReference; lastKnownFileType = file.storyboard; name = Base; path = Base.lproj/LaunchScreen.storyboard; sourceTree = "<group>"; };
		839589381E95506400CC7045 /* Info.plist */ = {isa = PBXFileReference; lastKnownFileType = text.plist.xml; path = Info.plist; sourceTree = "<group>"; };
		839D7F64200D4A180045D3C1 /* RecordsFabricator.swift */ = {isa = PBXFileReference; lastKnownFileType = sourcecode.swift; path = RecordsFabricator.swift; sourceTree = "<group>"; };
		83A0C3F21E956542007A6C39 /* AppDelegate.swift */ = {isa = PBXFileReference; fileEncoding = 4; lastKnownFileType = sourcecode.swift; path = AppDelegate.swift; sourceTree = "<group>"; };
		83A0C3F41E9565B0007A6C39 /* ClipboardViewController.swift */ = {isa = PBXFileReference; fileEncoding = 4; lastKnownFileType = sourcecode.swift; path = ClipboardViewController.swift; sourceTree = "<group>"; };
		83E0D473202C8AD500CA9F87 /* RealmProvider.swift */ = {isa = PBXFileReference; lastKnownFileType = sourcecode.swift; path = RealmProvider.swift; sourceTree = "<group>"; };
		83EA7717200901C7006DC03F /* FBSnapshotTestCase+Extensions.swift */ = {isa = PBXFileReference; lastKnownFileType = sourcecode.swift; path = "FBSnapshotTestCase+Extensions.swift"; sourceTree = "<group>"; };
		8D720678880D20132E64F68F /* Pods_ClipboardManager.framework */ = {isa = PBXFileReference; explicitFileType = wrapper.framework; includeInIndex = 0; path = Pods_ClipboardManager.framework; sourceTree = BUILT_PRODUCTS_DIR; };
		8FF0C0247FD82BBE77CFD496 /* Pods-ClipboardManagerTests.debug.xcconfig */ = {isa = PBXFileReference; includeInIndex = 1; lastKnownFileType = text.xcconfig; name = "Pods-ClipboardManagerTests.debug.xcconfig"; path = "Pods/Target Support Files/Pods-ClipboardManagerTests/Pods-ClipboardManagerTests.debug.xcconfig"; sourceTree = "<group>"; };
		A1B386B46032019539798EBC /* Pods-ClipboardManagerUITests.debug.xcconfig */ = {isa = PBXFileReference; includeInIndex = 1; lastKnownFileType = text.xcconfig; name = "Pods-ClipboardManagerUITests.debug.xcconfig"; path = "Pods/Target Support Files/Pods-ClipboardManagerUITests/Pods-ClipboardManagerUITests.debug.xcconfig"; sourceTree = "<group>"; };
		ACA30E4B1887DBF144E437E3 /* Pods-ClipboardManagerUITests.release.xcconfig */ = {isa = PBXFileReference; includeInIndex = 1; lastKnownFileType = text.xcconfig; name = "Pods-ClipboardManagerUITests.release.xcconfig"; path = "Pods/Target Support Files/Pods-ClipboardManagerUITests/Pods-ClipboardManagerUITests.release.xcconfig"; sourceTree = "<group>"; };
		D85C437EAE85F42A7DD00350 /* Pods-ClipboardManager.release.xcconfig */ = {isa = PBXFileReference; includeInIndex = 1; lastKnownFileType = text.xcconfig; name = "Pods-ClipboardManager.release.xcconfig"; path = "Pods/Target Support Files/Pods-ClipboardManager/Pods-ClipboardManager.release.xcconfig"; sourceTree = "<group>"; };
		E450BCF3DEDFDB032098AB4C /* Pods_ClipboardManagerTests.framework */ = {isa = PBXFileReference; explicitFileType = wrapper.framework; includeInIndex = 0; path = Pods_ClipboardManagerTests.framework; sourceTree = BUILT_PRODUCTS_DIR; };
		FB2B76200A77875DFA6EDB87 /* Pods-ClipboardManagerTests.release.xcconfig */ = {isa = PBXFileReference; includeInIndex = 1; lastKnownFileType = text.xcconfig; name = "Pods-ClipboardManagerTests.release.xcconfig"; path = "Pods/Target Support Files/Pods-ClipboardManagerTests/Pods-ClipboardManagerTests.release.xcconfig"; sourceTree = "<group>"; };
		FE84A3620B1B8B957C5ACF6A /* Pods-ClipboardManager.debug.xcconfig */ = {isa = PBXFileReference; includeInIndex = 1; lastKnownFileType = text.xcconfig; name = "Pods-ClipboardManager.debug.xcconfig"; path = "Pods/Target Support Files/Pods-ClipboardManager/Pods-ClipboardManager.debug.xcconfig"; sourceTree = "<group>"; };
/* End PBXFileReference section */

/* Begin PBXFrameworksBuildPhase section */
		8314270D2008F72B00C5F094 /* Frameworks */ = {
			isa = PBXFrameworksBuildPhase;
			buildActionMask = 2147483647;
			files = (
				559CC41E4FC72E24DA34E5C4 /* Pods_ClipboardManagerUITests.framework in Frameworks */,
			);
			runOnlyForDeploymentPostprocessing = 0;
		};
		8330DBD51F51A9F500B81CCD /* Frameworks */ = {
			isa = PBXFrameworksBuildPhase;
			buildActionMask = 2147483647;
			files = (
				8330DBDA1F51A9F500B81CCD /* NotificationCenter.framework in Frameworks */,
				762E943B851E5C07A5BCC344 /* Pods_QuickButtons.framework in Frameworks */,
			);
			runOnlyForDeploymentPostprocessing = 0;
		};
		83936D5D1FF7F90300554E39 /* Frameworks */ = {
			isa = PBXFrameworksBuildPhase;
			buildActionMask = 2147483647;
			files = (
				B6738E15E7FE261BC5943D9A /* Pods_ClipboardManagerTests.framework in Frameworks */,
			);
			runOnlyForDeploymentPostprocessing = 0;
		};
		839589261E95506400CC7045 /* Frameworks */ = {
			isa = PBXFrameworksBuildPhase;
			buildActionMask = 2147483647;
			files = (
				0D961B0A745AF5A0C415F062 /* Pods_ClipboardManager.framework in Frameworks */,
			);
			runOnlyForDeploymentPostprocessing = 0;
		};
/* End PBXFrameworksBuildPhase section */

/* Begin PBXGroup section */
		50CE3231BF1543B99BFBD308 /* Pods */ = {
			isa = PBXGroup;
			children = (
				FE84A3620B1B8B957C5ACF6A /* Pods-ClipboardManager.debug.xcconfig */,
				D85C437EAE85F42A7DD00350 /* Pods-ClipboardManager.release.xcconfig */,
				8FF0C0247FD82BBE77CFD496 /* Pods-ClipboardManagerTests.debug.xcconfig */,
				FB2B76200A77875DFA6EDB87 /* Pods-ClipboardManagerTests.release.xcconfig */,
				73742AF3CA282DA265840156 /* Pods-QuickButtons.debug.xcconfig */,
				6FEE4988EE16BD8BEB5F112C /* Pods-QuickButtons.release.xcconfig */,
				A1B386B46032019539798EBC /* Pods-ClipboardManagerUITests.debug.xcconfig */,
				ACA30E4B1887DBF144E437E3 /* Pods-ClipboardManagerUITests.release.xcconfig */,
			);
			name = Pods;
			sourceTree = "<group>";
		};
		831427112008F72B00C5F094 /* ClipboardManagerUITests */ = {
			isa = PBXGroup;
			children = (
				8384E323200909E000FF34E9 /* Helpers */,
				831427122008F72B00C5F094 /* ClipboardViewControllerUITests.swift */,
				8384E32820090FA800FF34E9 /* WidgetViewUITests.swift */,
				831427142008F72B00C5F094 /* Info.plist */,
			);
			path = ClipboardManagerUITests;
			sourceTree = "<group>";
		};
		8330DBDB1F51A9F500B81CCD /* QuickButtons */ = {
			isa = PBXGroup;
			children = (
				83827F2F2006B0700097C548 /* QuickButtons.entitlements */,
				8330DBE11F51A9F500B81CCD /* Info.plist */,
				8330DBDC1F51A9F500B81CCD /* TodayViewController.swift */,
				836834BF200662DF00C69A42 /* WidgetView.swift */,
				836834BD2006623700C69A42 /* WidgetView.xib */,
				8330DBDE1F51A9F500B81CCD /* MainInterface.storyboard */,
			);
			path = QuickButtons;
			sourceTree = "<group>";
		};
		833EF1742008C023001CD7D1 /* Images */ = {
			isa = PBXGroup;
			children = (
				833EF1752008C037001CD7D1 /* test-image-1.jpeg */,
				833EF1762008C038001CD7D1 /* test-image-2.jpeg */,
			);
			path = Images;
			sourceTree = "<group>";
		};
		8378156A1EA6962F0030CD07 /* TVCells */ = {
			isa = PBXGroup;
			children = (
				837815721EA6ACB50030CD07 /* ImageTVCell.swift */,
				837815731EA6ACB50030CD07 /* ImageTVCell.xib */,
				8378156B1EA696720030CD07 /* TextTVCell.swift */,
				8378156C1EA696720030CD07 /* TextTVCell.xib */,
			);
			name = TVCells;
			sourceTree = "<group>";
		};
		8378156F1EA69DE70030CD07 /* Misc */ = {
			isa = PBXGroup;
			children = (
				83827F302006B1300097C548 /* Constants.swift */,
				837815701EA69E180030CD07 /* Protocols.swift */,
			);
			path = Misc;
			sourceTree = "<group>";
		};
		838196952004D3E800DBA6F6 /* Helpers */ = {
			isa = PBXGroup;
			children = (
				839D7F64200D4A180045D3C1 /* RecordsFabricator.swift */,
				838196962004D40800DBA6F6 /* TestRecordsProvider.swift */,
				838196982004D43300DBA6F6 /* TestRecord.swift */,
				8381969A2004D44C00DBA6F6 /* TestPasteboardManager.swift */,
			);
			path = Helpers;
			sourceTree = "<group>";
		};
		8381969C2004D71500DBA6F6 /* Stores */ = {
			isa = PBXGroup;
			children = (
				83E0D473202C8AD500CA9F87 /* RealmProvider.swift */,
				8380FC6C1FF8068D00BD3C46 /* RecordsProvider.swift */,
				837815761EA6B7D60030CD07 /* PasteboardManager.swift */,
			);
			path = Stores;
			sourceTree = "<group>";
		};
		8384E323200909E000FF34E9 /* Helpers */ = {
			isa = PBXGroup;
			children = (
				83EA7717200901C7006DC03F /* FBSnapshotTestCase+Extensions.swift */,
				8347B9D22008FE0800824602 /* TestClipboardViewModel.swift */,
				8347B9D42008FE1F00824602 /* Resolution.swift */,
			);
			path = Helpers;
			sourceTree = "<group>";
		};
		83936D5B1FF7F7C200554E39 /* ViewModels */ = {
			isa = PBXGroup;
			children = (
				8392E6D71E9A360200539037 /* ClipboardViewModel.swift */,
			);
			path = ViewModels;
			sourceTree = "<group>";
		};
		83936D611FF7F90300554E39 /* ClipboardManagerTests */ = {
			isa = PBXGroup;
			children = (
				838196952004D3E800DBA6F6 /* Helpers */,
				83936D621FF7F90300554E39 /* ClipboardViewModelTests.swift */,
				83683EB6200D06B200A7498E /* RecordsProviderTests.swift */,
				83936D641FF7F90300554E39 /* Info.plist */,
			);
			path = ClipboardManagerTests;
			sourceTree = "<group>";
		};
		839589201E95506400CC7045 = {
			isa = PBXGroup;
			children = (
				8395892B1E95506400CC7045 /* ClipboardManager */,
				8330DBDB1F51A9F500B81CCD /* QuickButtons */,
				83EA771A20090592006DC03F /* Tests */,
				A0570DE890F291A61D30338C /* Frameworks */,
				50CE3231BF1543B99BFBD308 /* Pods */,
				8395892A1E95506400CC7045 /* Products */,
			);
			sourceTree = "<group>";
		};
		8395892A1E95506400CC7045 /* Products */ = {
			isa = PBXGroup;
			children = (
				839589291E95506400CC7045 /* ClipboardManager.app */,
				8330DBD81F51A9F500B81CCD /* QuickButtons.appex */,
				83936D601FF7F90300554E39 /* ClipboardManagerTests.xctest */,
				831427102008F72B00C5F094 /* ClipboardManagerUITests.xctest */,
			);
			name = Products;
			sourceTree = "<group>";
		};
		8395892B1E95506400CC7045 /* ClipboardManager */ = {
			isa = PBXGroup;
			children = (
				83827F2E2006B04E0097C548 /* ClipboardManager.entitlements */,
				839589381E95506400CC7045 /* Info.plist */,
				83A0C3F21E956542007A6C39 /* AppDelegate.swift */,
				839589331E95506400CC7045 /* Assets.xcassets */,
				839589351E95506400CC7045 /* LaunchScreen.storyboard */,
				839589301E95506400CC7045 /* Main.storyboard */,
				8378156F1EA69DE70030CD07 /* Misc */,
				83A0C3F11E956503007A6C39 /* Models */,
				8381969C2004D71500DBA6F6 /* Stores */,
				83936D5B1FF7F7C200554E39 /* ViewModels */,
				83A0C3F01E9564EE007A6C39 /* Views */,
			);
			path = ClipboardManager;
			sourceTree = "<group>";
		};
		83A0C3F01E9564EE007A6C39 /* Views */ = {
			isa = PBXGroup;
			children = (
				83A0C3F41E9565B0007A6C39 /* ClipboardViewController.swift */,
				8378156A1EA6962F0030CD07 /* TVCells */,
			);
			path = Views;
			sourceTree = "<group>";
		};
		83A0C3F11E956503007A6C39 /* Models */ = {
			isa = PBXGroup;
			children = (
				833CB593200CE66700C1E9C6 /* RecordModel.swift */,
				8350D3761E97F7E000B20551 /* Record.swift */,
			);
			path = Models;
			sourceTree = "<group>";
		};
		83EA771A20090592006DC03F /* Tests */ = {
			isa = PBXGroup;
			children = (
				833EF1742008C023001CD7D1 /* Images */,
				83936D611FF7F90300554E39 /* ClipboardManagerTests */,
				831427112008F72B00C5F094 /* ClipboardManagerUITests */,
			);
			path = Tests;
			sourceTree = "<group>";
		};
		A0570DE890F291A61D30338C /* Frameworks */ = {
			isa = PBXGroup;
			children = (
				8330DBD91F51A9F500B81CCD /* NotificationCenter.framework */,
				8D720678880D20132E64F68F /* Pods_ClipboardManager.framework */,
				E450BCF3DEDFDB032098AB4C /* Pods_ClipboardManagerTests.framework */,
				233896EA0AA307B74509B6CE /* Pods_QuickButtons.framework */,
				3E9BDB5C378D4EAA40A5EAAC /* Pods_ClipboardManagerUITests.framework */,
			);
			name = Frameworks;
			sourceTree = "<group>";
		};
/* End PBXGroup section */

/* Begin PBXNativeTarget section */
		8314270F2008F72B00C5F094 /* ClipboardManagerUITests */ = {
			isa = PBXNativeTarget;
			buildConfigurationList = 831427192008F72B00C5F094 /* Build configuration list for PBXNativeTarget "ClipboardManagerUITests" */;
			buildPhases = (
				A36CBA85A1A30A8356F9F6F1 /* [CP] Check Pods Manifest.lock */,
				8314270C2008F72B00C5F094 /* Sources */,
				8314270D2008F72B00C5F094 /* Frameworks */,
				8314270E2008F72B00C5F094 /* Resources */,
				8EB78821A5D8E9A361C63A33 /* [CP] Embed Pods Frameworks */,
				8C348A8F7773C2BBD43190AC /* [CP] Copy Pods Resources */,
			);
			buildRules = (
			);
			dependencies = (
				831427162008F72B00C5F094 /* PBXTargetDependency */,
			);
			name = ClipboardManagerUITests;
			productName = ClipboardManagerUITests;
			productReference = 831427102008F72B00C5F094 /* ClipboardManagerUITests.xctest */;
			productType = "com.apple.product-type.bundle.ui-testing";
		};
		8330DBD71F51A9F500B81CCD /* QuickButtons */ = {
			isa = PBXNativeTarget;
			buildConfigurationList = 8330DBE71F51A9F500B81CCD /* Build configuration list for PBXNativeTarget "QuickButtons" */;
			buildPhases = (
				5808AFF1FD2C6A5E31BA9F22 /* [CP] Check Pods Manifest.lock */,
				8330DBD41F51A9F500B81CCD /* Sources */,
				8330DBD51F51A9F500B81CCD /* Frameworks */,
				8330DBD61F51A9F500B81CCD /* Resources */,
				FC7F3EA81C8F1CE6C89BADDC /* [CP] Copy Pods Resources */,
			);
			buildRules = (
			);
			dependencies = (
			);
			name = QuickButtons;
			productName = QuickButtons;
			productReference = 8330DBD81F51A9F500B81CCD /* QuickButtons.appex */;
			productType = "com.apple.product-type.app-extension";
		};
		83936D5F1FF7F90300554E39 /* ClipboardManagerTests */ = {
			isa = PBXNativeTarget;
			buildConfigurationList = 83936D671FF7F90400554E39 /* Build configuration list for PBXNativeTarget "ClipboardManagerTests" */;
			buildPhases = (
				CC0050E86CA7BEC5F8CB2DA5 /* [CP] Check Pods Manifest.lock */,
				83936D5C1FF7F90300554E39 /* Sources */,
				83936D5D1FF7F90300554E39 /* Frameworks */,
				83936D5E1FF7F90300554E39 /* Resources */,
				DF4F0E09B10A0222BA878228 /* [CP] Embed Pods Frameworks */,
				FB0BB13FD454A55A77779A46 /* [CP] Copy Pods Resources */,
			);
			buildRules = (
			);
			dependencies = (
				83936D661FF7F90300554E39 /* PBXTargetDependency */,
			);
			name = ClipboardManagerTests;
			productName = ClipboardManagerTests;
			productReference = 83936D601FF7F90300554E39 /* ClipboardManagerTests.xctest */;
			productType = "com.apple.product-type.bundle.unit-test";
		};
		839589281E95506400CC7045 /* ClipboardManager */ = {
			isa = PBXNativeTarget;
			buildConfigurationList = 8395893B1E95506400CC7045 /* Build configuration list for PBXNativeTarget "ClipboardManager" */;
			buildPhases = (
				BB252BE3481A89C57882A51B /* [CP] Check Pods Manifest.lock */,
				839589251E95506400CC7045 /* Sources */,
				839589261E95506400CC7045 /* Frameworks */,
				839589271E95506400CC7045 /* Resources */,
				8330DBE81F51A9F500B81CCD /* Embed App Extensions */,
				298BCFE98487DBB721A2E8DD /* [CP] Embed Pods Frameworks */,
				E1B63A32E428EF2854A4EEEA /* [CP] Copy Pods Resources */,
			);
			buildRules = (
			);
			dependencies = (
				8330DBE31F51A9F500B81CCD /* PBXTargetDependency */,
			);
			name = ClipboardManager;
			productName = ClipboardManager;
			productReference = 839589291E95506400CC7045 /* ClipboardManager.app */;
			productType = "com.apple.product-type.application";
		};
/* End PBXNativeTarget section */

/* Begin PBXProject section */
		839589211E95506400CC7045 /* Project object */ = {
			isa = PBXProject;
			attributes = {
				LastSwiftUpdateCheck = 0920;
				LastUpgradeCheck = 0920;
				TargetAttributes = {
					8314270F2008F72B00C5F094 = {
						CreatedOnToolsVersion = 9.2;
						DevelopmentTeam = X3U3JAN2WV;
						ProvisioningStyle = Automatic;
						TestTargetID = 839589281E95506400CC7045;
					};
					8330DBD71F51A9F500B81CCD = {
						CreatedOnToolsVersion = 8.3.3;
						DevelopmentTeam = X3U3JAN2WV;
						LastSwiftMigration = 0920;
						ProvisioningStyle = Automatic;
						SystemCapabilities = {
							com.apple.ApplicationGroups.iOS = {
								enabled = 1;
							};
						};
					};
					83936D5F1FF7F90300554E39 = {
						CreatedOnToolsVersion = 9.2;
						DevelopmentTeam = X3U3JAN2WV;
						ProvisioningStyle = Automatic;
						TestTargetID = 839589281E95506400CC7045;
					};
					839589281E95506400CC7045 = {
						CreatedOnToolsVersion = 8.3;
						DevelopmentTeam = X3U3JAN2WV;
						LastSwiftMigration = 0920;
						ProvisioningStyle = Automatic;
						SystemCapabilities = {
							com.apple.ApplicationGroups.iOS = {
								enabled = 1;
							};
						};
					};
				};
			};
			buildConfigurationList = 839589241E95506400CC7045 /* Build configuration list for PBXProject "ClipboardManager" */;
			compatibilityVersion = "Xcode 3.2";
			developmentRegion = English;
			hasScannedForEncodings = 0;
			knownRegions = (
				en,
				Base,
			);
			mainGroup = 839589201E95506400CC7045;
			productRefGroup = 8395892A1E95506400CC7045 /* Products */;
			projectDirPath = "";
			projectRoot = "";
			targets = (
				839589281E95506400CC7045 /* ClipboardManager */,
				8330DBD71F51A9F500B81CCD /* QuickButtons */,
				83936D5F1FF7F90300554E39 /* ClipboardManagerTests */,
				8314270F2008F72B00C5F094 /* ClipboardManagerUITests */,
			);
		};
/* End PBXProject section */

/* Begin PBXResourcesBuildPhase section */
		8314270E2008F72B00C5F094 /* Resources */ = {
			isa = PBXResourcesBuildPhase;
			buildActionMask = 2147483647;
			files = (
				839D7F63200D48CA0045D3C1 /* WidgetView.xib in Resources */,
				83297C0A200D450100BE0540 /* ImageTVCell.xib in Resources */,
				8384E32520090A1C00FF34E9 /* test-image-2.jpeg in Resources */,
				83297C0C200D450100BE0540 /* TextTVCell.xib in Resources */,
				8384E32420090A1A00FF34E9 /* test-image-1.jpeg in Resources */,
			);
			runOnlyForDeploymentPostprocessing = 0;
		};
		8330DBD61F51A9F500B81CCD /* Resources */ = {
			isa = PBXResourcesBuildPhase;
			buildActionMask = 2147483647;
			files = (
				836834BE2006623700C69A42 /* WidgetView.xib in Resources */,
				8330DBE01F51A9F500B81CCD /* MainInterface.storyboard in Resources */,
			);
			runOnlyForDeploymentPostprocessing = 0;
		};
		83936D5E1FF7F90300554E39 /* Resources */ = {
			isa = PBXResourcesBuildPhase;
			buildActionMask = 2147483647;
			files = (
				833EF1782008C038001CD7D1 /* test-image-2.jpeg in Resources */,
				833EF1772008C038001CD7D1 /* test-image-1.jpeg in Resources */,
			);
			runOnlyForDeploymentPostprocessing = 0;
		};
		839589271E95506400CC7045 /* Resources */ = {
			isa = PBXResourcesBuildPhase;
			buildActionMask = 2147483647;
			files = (
				839589371E95506400CC7045 /* LaunchScreen.storyboard in Resources */,
				839589341E95506400CC7045 /* Assets.xcassets in Resources */,
				837815751EA6ACB50030CD07 /* ImageTVCell.xib in Resources */,
				8378156E1EA696720030CD07 /* TextTVCell.xib in Resources */,
				839589321E95506400CC7045 /* Main.storyboard in Resources */,
			);
			runOnlyForDeploymentPostprocessing = 0;
		};
/* End PBXResourcesBuildPhase section */

/* Begin PBXShellScriptBuildPhase section */
		298BCFE98487DBB721A2E8DD /* [CP] Embed Pods Frameworks */ = {
			isa = PBXShellScriptBuildPhase;
			buildActionMask = 2147483647;
			files = (
			);
			inputPaths = (
				"${SRCROOT}/Pods/Target Support Files/Pods-ClipboardManager/Pods-ClipboardManager-frameworks.sh",
				"${BUILT_PRODUCTS_DIR}/DateToolsSwift/DateToolsSwift.framework",
				"${BUILT_PRODUCTS_DIR}/Realm/Realm.framework",
				"${BUILT_PRODUCTS_DIR}/RealmSwift/RealmSwift.framework",
			);
			name = "[CP] Embed Pods Frameworks";
			outputPaths = (
				"${TARGET_BUILD_DIR}/${FRAMEWORKS_FOLDER_PATH}/DateToolsSwift.framework",
				"${TARGET_BUILD_DIR}/${FRAMEWORKS_FOLDER_PATH}/Realm.framework",
				"${TARGET_BUILD_DIR}/${FRAMEWORKS_FOLDER_PATH}/RealmSwift.framework",
			);
			runOnlyForDeploymentPostprocessing = 0;
			shellPath = /bin/sh;
			shellScript = "\"${SRCROOT}/Pods/Target Support Files/Pods-ClipboardManager/Pods-ClipboardManager-frameworks.sh\"\n";
			showEnvVarsInLog = 0;
		};
		5808AFF1FD2C6A5E31BA9F22 /* [CP] Check Pods Manifest.lock */ = {
			isa = PBXShellScriptBuildPhase;
			buildActionMask = 2147483647;
			files = (
			);
			inputPaths = (
				"${PODS_PODFILE_DIR_PATH}/Podfile.lock",
				"${PODS_ROOT}/Manifest.lock",
			);
			name = "[CP] Check Pods Manifest.lock";
			outputPaths = (
				"$(DERIVED_FILE_DIR)/Pods-QuickButtons-checkManifestLockResult.txt",
			);
			runOnlyForDeploymentPostprocessing = 0;
			shellPath = /bin/sh;
			shellScript = "diff \"${PODS_PODFILE_DIR_PATH}/Podfile.lock\" \"${PODS_ROOT}/Manifest.lock\" > /dev/null\nif [ $? != 0 ] ; then\n    # print error to STDERR\n    echo \"error: The sandbox is not in sync with the Podfile.lock. Run 'pod install' or update your CocoaPods installation.\" >&2\n    exit 1\nfi\n# This output is used by Xcode 'outputs' to avoid re-running this script phase.\necho \"SUCCESS\" > \"${SCRIPT_OUTPUT_FILE_0}\"\n";
			showEnvVarsInLog = 0;
		};
		8C348A8F7773C2BBD43190AC /* [CP] Copy Pods Resources */ = {
			isa = PBXShellScriptBuildPhase;
			buildActionMask = 2147483647;
			files = (
			);
			inputPaths = (
			);
			name = "[CP] Copy Pods Resources";
			outputPaths = (
			);
			runOnlyForDeploymentPostprocessing = 0;
			shellPath = /bin/sh;
			shellScript = "\"${SRCROOT}/Pods/Target Support Files/Pods-ClipboardManagerUITests/Pods-ClipboardManagerUITests-resources.sh\"\n";
			showEnvVarsInLog = 0;
		};
		8EB78821A5D8E9A361C63A33 /* [CP] Embed Pods Frameworks */ = {
			isa = PBXShellScriptBuildPhase;
			buildActionMask = 2147483647;
			files = (
			);
			inputPaths = (
				"${SRCROOT}/Pods/Target Support Files/Pods-ClipboardManagerUITests/Pods-ClipboardManagerUITests-frameworks.sh",
				"${BUILT_PRODUCTS_DIR}/DateToolsSwift/DateToolsSwift.framework",
				"${BUILT_PRODUCTS_DIR}/Realm/Realm.framework",
				"${BUILT_PRODUCTS_DIR}/RealmSwift/RealmSwift.framework",
				"${BUILT_PRODUCTS_DIR}/FBSnapshotTestCase/FBSnapshotTestCase.framework",
			);
			name = "[CP] Embed Pods Frameworks";
			outputPaths = (
				"${TARGET_BUILD_DIR}/${FRAMEWORKS_FOLDER_PATH}/DateToolsSwift.framework",
				"${TARGET_BUILD_DIR}/${FRAMEWORKS_FOLDER_PATH}/Realm.framework",
				"${TARGET_BUILD_DIR}/${FRAMEWORKS_FOLDER_PATH}/RealmSwift.framework",
				"${TARGET_BUILD_DIR}/${FRAMEWORKS_FOLDER_PATH}/FBSnapshotTestCase.framework",
			);
			runOnlyForDeploymentPostprocessing = 0;
			shellPath = /bin/sh;
			shellScript = "\"${SRCROOT}/Pods/Target Support Files/Pods-ClipboardManagerUITests/Pods-ClipboardManagerUITests-frameworks.sh\"\n";
			showEnvVarsInLog = 0;
		};
		A36CBA85A1A30A8356F9F6F1 /* [CP] Check Pods Manifest.lock */ = {
			isa = PBXShellScriptBuildPhase;
			buildActionMask = 2147483647;
			files = (
			);
			inputPaths = (
				"${PODS_PODFILE_DIR_PATH}/Podfile.lock",
				"${PODS_ROOT}/Manifest.lock",
			);
			name = "[CP] Check Pods Manifest.lock";
			outputPaths = (
				"$(DERIVED_FILE_DIR)/Pods-ClipboardManagerUITests-checkManifestLockResult.txt",
			);
			runOnlyForDeploymentPostprocessing = 0;
			shellPath = /bin/sh;
			shellScript = "diff \"${PODS_PODFILE_DIR_PATH}/Podfile.lock\" \"${PODS_ROOT}/Manifest.lock\" > /dev/null\nif [ $? != 0 ] ; then\n    # print error to STDERR\n    echo \"error: The sandbox is not in sync with the Podfile.lock. Run 'pod install' or update your CocoaPods installation.\" >&2\n    exit 1\nfi\n# This output is used by Xcode 'outputs' to avoid re-running this script phase.\necho \"SUCCESS\" > \"${SCRIPT_OUTPUT_FILE_0}\"\n";
			showEnvVarsInLog = 0;
		};
		BB252BE3481A89C57882A51B /* [CP] Check Pods Manifest.lock */ = {
			isa = PBXShellScriptBuildPhase;
			buildActionMask = 2147483647;
			files = (
			);
			inputPaths = (
				"${PODS_PODFILE_DIR_PATH}/Podfile.lock",
				"${PODS_ROOT}/Manifest.lock",
			);
			name = "[CP] Check Pods Manifest.lock";
			outputPaths = (
				"$(DERIVED_FILE_DIR)/Pods-ClipboardManager-checkManifestLockResult.txt",
			);
			runOnlyForDeploymentPostprocessing = 0;
			shellPath = /bin/sh;
			shellScript = "diff \"${PODS_PODFILE_DIR_PATH}/Podfile.lock\" \"${PODS_ROOT}/Manifest.lock\" > /dev/null\nif [ $? != 0 ] ; then\n    # print error to STDERR\n    echo \"error: The sandbox is not in sync with the Podfile.lock. Run 'pod install' or update your CocoaPods installation.\" >&2\n    exit 1\nfi\n# This output is used by Xcode 'outputs' to avoid re-running this script phase.\necho \"SUCCESS\" > \"${SCRIPT_OUTPUT_FILE_0}\"\n";
			showEnvVarsInLog = 0;
		};
		CC0050E86CA7BEC5F8CB2DA5 /* [CP] Check Pods Manifest.lock */ = {
			isa = PBXShellScriptBuildPhase;
			buildActionMask = 2147483647;
			files = (
			);
			inputPaths = (
				"${PODS_PODFILE_DIR_PATH}/Podfile.lock",
				"${PODS_ROOT}/Manifest.lock",
			);
			name = "[CP] Check Pods Manifest.lock";
			outputPaths = (
				"$(DERIVED_FILE_DIR)/Pods-ClipboardManagerTests-checkManifestLockResult.txt",
			);
			runOnlyForDeploymentPostprocessing = 0;
			shellPath = /bin/sh;
			shellScript = "diff \"${PODS_PODFILE_DIR_PATH}/Podfile.lock\" \"${PODS_ROOT}/Manifest.lock\" > /dev/null\nif [ $? != 0 ] ; then\n    # print error to STDERR\n    echo \"error: The sandbox is not in sync with the Podfile.lock. Run 'pod install' or update your CocoaPods installation.\" >&2\n    exit 1\nfi\n# This output is used by Xcode 'outputs' to avoid re-running this script phase.\necho \"SUCCESS\" > \"${SCRIPT_OUTPUT_FILE_0}\"\n";
			showEnvVarsInLog = 0;
		};
		DF4F0E09B10A0222BA878228 /* [CP] Embed Pods Frameworks */ = {
			isa = PBXShellScriptBuildPhase;
			buildActionMask = 2147483647;
			files = (
			);
			inputPaths = (
				"${SRCROOT}/Pods/Target Support Files/Pods-ClipboardManagerTests/Pods-ClipboardManagerTests-frameworks.sh",
				"${BUILT_PRODUCTS_DIR}/DateToolsSwift/DateToolsSwift.framework",
				"${BUILT_PRODUCTS_DIR}/Realm/Realm.framework",
				"${BUILT_PRODUCTS_DIR}/RealmSwift/RealmSwift.framework",
			);
			name = "[CP] Embed Pods Frameworks";
			outputPaths = (
				"${TARGET_BUILD_DIR}/${FRAMEWORKS_FOLDER_PATH}/DateToolsSwift.framework",
				"${TARGET_BUILD_DIR}/${FRAMEWORKS_FOLDER_PATH}/Realm.framework",
				"${TARGET_BUILD_DIR}/${FRAMEWORKS_FOLDER_PATH}/RealmSwift.framework",
			);
			runOnlyForDeploymentPostprocessing = 0;
			shellPath = /bin/sh;
			shellScript = "\"${SRCROOT}/Pods/Target Support Files/Pods-ClipboardManagerTests/Pods-ClipboardManagerTests-frameworks.sh\"\n";
			showEnvVarsInLog = 0;
		};
		E1B63A32E428EF2854A4EEEA /* [CP] Copy Pods Resources */ = {
			isa = PBXShellScriptBuildPhase;
			buildActionMask = 2147483647;
			files = (
			);
			inputPaths = (
			);
			name = "[CP] Copy Pods Resources";
			outputPaths = (
			);
			runOnlyForDeploymentPostprocessing = 0;
			shellPath = /bin/sh;
			shellScript = "\"${SRCROOT}/Pods/Target Support Files/Pods-ClipboardManager/Pods-ClipboardManager-resources.sh\"\n";
			showEnvVarsInLog = 0;
		};
		FB0BB13FD454A55A77779A46 /* [CP] Copy Pods Resources */ = {
			isa = PBXShellScriptBuildPhase;
			buildActionMask = 2147483647;
			files = (
			);
			inputPaths = (
			);
			name = "[CP] Copy Pods Resources";
			outputPaths = (
			);
			runOnlyForDeploymentPostprocessing = 0;
			shellPath = /bin/sh;
			shellScript = "\"${SRCROOT}/Pods/Target Support Files/Pods-ClipboardManagerTests/Pods-ClipboardManagerTests-resources.sh\"\n";
			showEnvVarsInLog = 0;
		};
		FC7F3EA81C8F1CE6C89BADDC /* [CP] Copy Pods Resources */ = {
			isa = PBXShellScriptBuildPhase;
			buildActionMask = 2147483647;
			files = (
			);
			inputPaths = (
			);
			name = "[CP] Copy Pods Resources";
			outputPaths = (
			);
			runOnlyForDeploymentPostprocessing = 0;
			shellPath = /bin/sh;
			shellScript = "\"${SRCROOT}/Pods/Target Support Files/Pods-QuickButtons/Pods-QuickButtons-resources.sh\"\n";
			showEnvVarsInLog = 0;
		};
/* End PBXShellScriptBuildPhase section */

/* Begin PBXSourcesBuildPhase section */
		8314270C2008F72B00C5F094 /* Sources */ = {
			isa = PBXSourcesBuildPhase;
			buildActionMask = 2147483647;
			files = (
				831427132008F72B00C5F094 /* ClipboardViewControllerUITests.swift in Sources */,
				83297C09200D450100BE0540 /* ImageTVCell.swift in Sources */,
				8347B9D52008FE1F00824602 /* Resolution.swift in Sources */,
				83297C08200D44F300BE0540 /* Protocols.swift in Sources */,
				839D7F62200D48C40045D3C1 /* WidgetView.swift in Sources */,
				83EA7718200901C7006DC03F /* FBSnapshotTestCase+Extensions.swift in Sources */,
				83297C07200D44C500BE0540 /* ClipboardViewController.swift in Sources */,
				83297C0B200D450100BE0540 /* TextTVCell.swift in Sources */,
				8384E32920090FA800FF34E9 /* WidgetViewUITests.swift in Sources */,
				8347B9D32008FE0800824602 /* TestClipboardViewModel.swift in Sources */,
			);
			runOnlyForDeploymentPostprocessing = 0;
		};
		8330DBD41F51A9F500B81CCD /* Sources */ = {
			isa = PBXSourcesBuildPhase;
			buildActionMask = 2147483647;
			files = (
				83B72D3920066A030006CA9E /* Protocols.swift in Sources */,
				836834C0200662DF00C69A42 /* WidgetView.swift in Sources */,
				833CB595200CE76200C1E9C6 /* RecordModel.swift in Sources */,
				83C5C5DB2006952D00490DB0 /* Record.swift in Sources */,
				83E0D475202C8B3000CA9F87 /* RealmProvider.swift in Sources */,
				83C5C5DC2006953000490DB0 /* RecordsProvider.swift in Sources */,
				83C5C5DD2006953200490DB0 /* PasteboardManager.swift in Sources */,
				83C5C5DA2006952400490DB0 /* ClipboardViewModel.swift in Sources */,
				8330DBDD1F51A9F500B81CCD /* TodayViewController.swift in Sources */,
				83827F322006B1300097C548 /* Constants.swift in Sources */,
			);
			runOnlyForDeploymentPostprocessing = 0;
		};
		83936D5C1FF7F90300554E39 /* Sources */ = {
			isa = PBXSourcesBuildPhase;
			buildActionMask = 2147483647;
			files = (
				838196992004D43300DBA6F6 /* TestRecord.swift in Sources */,
				839D7F65200D4A180045D3C1 /* RecordsFabricator.swift in Sources */,
				8381969B2004D44C00DBA6F6 /* TestPasteboardManager.swift in Sources */,
				838196972004D40800DBA6F6 /* TestRecordsProvider.swift in Sources */,
				83683EB7200D06B200A7498E /* RecordsProviderTests.swift in Sources */,
				83936D631FF7F90300554E39 /* ClipboardViewModelTests.swift in Sources */,
			);
			runOnlyForDeploymentPostprocessing = 0;
		};
		839589251E95506400CC7045 /* Sources */ = {
			isa = PBXSourcesBuildPhase;
			buildActionMask = 2147483647;
			files = (
				8380FC6D1FF8068D00BD3C46 /* RecordsProvider.swift in Sources */,
				83A0C3F31E956542007A6C39 /* AppDelegate.swift in Sources */,
				83E0D474202C8AD500CA9F87 /* RealmProvider.swift in Sources */,
				8378156D1EA696720030CD07 /* TextTVCell.swift in Sources */,
				837815771EA6B7D60030CD07 /* PasteboardManager.swift in Sources */,
				83A0C3F51E9565B0007A6C39 /* ClipboardViewController.swift in Sources */,
				83827F312006B1300097C548 /* Constants.swift in Sources */,
				837815741EA6ACB50030CD07 /* ImageTVCell.swift in Sources */,
				837815711EA69E180030CD07 /* Protocols.swift in Sources */,
				8392E6D81E9A360200539037 /* ClipboardViewModel.swift in Sources */,
				833CB594200CE66700C1E9C6 /* RecordModel.swift in Sources */,
				8350D3771E97F7E000B20551 /* Record.swift in Sources */,
			);
			runOnlyForDeploymentPostprocessing = 0;
		};
/* End PBXSourcesBuildPhase section */

/* Begin PBXTargetDependency section */
		831427162008F72B00C5F094 /* PBXTargetDependency */ = {
			isa = PBXTargetDependency;
			target = 839589281E95506400CC7045 /* ClipboardManager */;
			targetProxy = 831427152008F72B00C5F094 /* PBXContainerItemProxy */;
		};
		8330DBE31F51A9F500B81CCD /* PBXTargetDependency */ = {
			isa = PBXTargetDependency;
			target = 8330DBD71F51A9F500B81CCD /* QuickButtons */;
			targetProxy = 8330DBE21F51A9F500B81CCD /* PBXContainerItemProxy */;
		};
		83936D661FF7F90300554E39 /* PBXTargetDependency */ = {
			isa = PBXTargetDependency;
			target = 839589281E95506400CC7045 /* ClipboardManager */;
			targetProxy = 83936D651FF7F90300554E39 /* PBXContainerItemProxy */;
		};
/* End PBXTargetDependency section */

/* Begin PBXVariantGroup section */
		8330DBDE1F51A9F500B81CCD /* MainInterface.storyboard */ = {
			isa = PBXVariantGroup;
			children = (
				8330DBDF1F51A9F500B81CCD /* Base */,
			);
			name = MainInterface.storyboard;
			sourceTree = "<group>";
		};
		839589301E95506400CC7045 /* Main.storyboard */ = {
			isa = PBXVariantGroup;
			children = (
				839589311E95506400CC7045 /* Base */,
			);
			name = Main.storyboard;
			sourceTree = "<group>";
		};
		839589351E95506400CC7045 /* LaunchScreen.storyboard */ = {
			isa = PBXVariantGroup;
			children = (
				839589361E95506400CC7045 /* Base */,
			);
			name = LaunchScreen.storyboard;
			sourceTree = "<group>";
		};
/* End PBXVariantGroup section */

/* Begin XCBuildConfiguration section */
		831427172008F72B00C5F094 /* Debug */ = {
			isa = XCBuildConfiguration;
			baseConfigurationReference = A1B386B46032019539798EBC /* Pods-ClipboardManagerUITests.debug.xcconfig */;
			buildSettings = {
				CLANG_CXX_LANGUAGE_STANDARD = "gnu++14";
				CLANG_WARN_UNGUARDED_AVAILABILITY = YES_AGGRESSIVE;
				CODE_SIGN_IDENTITY = "iPhone Developer";
				CODE_SIGN_STYLE = Automatic;
				DEVELOPMENT_TEAM = X3U3JAN2WV;
				GCC_C_LANGUAGE_STANDARD = gnu11;
				INFOPLIST_FILE = Tests/ClipboardManagerUITests/Info.plist;
				IPHONEOS_DEPLOYMENT_TARGET = 11.2;
				LD_RUNPATH_SEARCH_PATHS = "$(inherited) @executable_path/Frameworks @loader_path/Frameworks";
				PRODUCT_BUNDLE_IDENTIFIER = com.deniskorneev.ClipboardManagerUITests;
				PRODUCT_NAME = "$(TARGET_NAME)";
				SWIFT_VERSION = 4.0;
				TARGETED_DEVICE_FAMILY = "1,2";
				TEST_TARGET_NAME = ClipboardManager;
			};
			name = Debug;
		};
		831427182008F72B00C5F094 /* Release */ = {
			isa = XCBuildConfiguration;
			baseConfigurationReference = ACA30E4B1887DBF144E437E3 /* Pods-ClipboardManagerUITests.release.xcconfig */;
			buildSettings = {
				CLANG_CXX_LANGUAGE_STANDARD = "gnu++14";
				CLANG_WARN_UNGUARDED_AVAILABILITY = YES_AGGRESSIVE;
				CODE_SIGN_IDENTITY = "iPhone Developer";
				CODE_SIGN_STYLE = Automatic;
				DEVELOPMENT_TEAM = X3U3JAN2WV;
				GCC_C_LANGUAGE_STANDARD = gnu11;
				INFOPLIST_FILE = Tests/ClipboardManagerUITests/Info.plist;
				IPHONEOS_DEPLOYMENT_TARGET = 11.2;
				LD_RUNPATH_SEARCH_PATHS = "$(inherited) @executable_path/Frameworks @loader_path/Frameworks";
				PRODUCT_BUNDLE_IDENTIFIER = com.deniskorneev.ClipboardManagerUITests;
				PRODUCT_NAME = "$(TARGET_NAME)";
				SWIFT_VERSION = 4.0;
				TARGETED_DEVICE_FAMILY = "1,2";
				TEST_TARGET_NAME = ClipboardManager;
			};
			name = Release;
		};
		8330DBE51F51A9F500B81CCD /* Debug */ = {
			isa = XCBuildConfiguration;
			baseConfigurationReference = 73742AF3CA282DA265840156 /* Pods-QuickButtons.debug.xcconfig */;
			buildSettings = {
				CODE_SIGN_ENTITLEMENTS = QuickButtons/QuickButtons.entitlements;
				DEVELOPMENT_TEAM = X3U3JAN2WV;
				INFOPLIST_FILE = QuickButtons/Info.plist;
				LD_RUNPATH_SEARCH_PATHS = "$(inherited) @executable_path/Frameworks @executable_path/../../Frameworks";
				PRODUCT_BUNDLE_IDENTIFIER = com.denis.korneev.ClipboardManager.QuickButtons;
				PRODUCT_NAME = "$(TARGET_NAME)";
				SKIP_INSTALL = YES;
				SWIFT_SWIFT3_OBJC_INFERENCE = On;
				SWIFT_VERSION = 4.0;
			};
			name = Debug;
		};
		8330DBE61F51A9F500B81CCD /* Release */ = {
			isa = XCBuildConfiguration;
			baseConfigurationReference = 6FEE4988EE16BD8BEB5F112C /* Pods-QuickButtons.release.xcconfig */;
			buildSettings = {
				CODE_SIGN_ENTITLEMENTS = QuickButtons/QuickButtons.entitlements;
				DEVELOPMENT_TEAM = X3U3JAN2WV;
				INFOPLIST_FILE = QuickButtons/Info.plist;
				LD_RUNPATH_SEARCH_PATHS = "$(inherited) @executable_path/Frameworks @executable_path/../../Frameworks";
				PRODUCT_BUNDLE_IDENTIFIER = com.denis.korneev.ClipboardManager.QuickButtons;
				PRODUCT_NAME = "$(TARGET_NAME)";
				SKIP_INSTALL = YES;
				SWIFT_SWIFT3_OBJC_INFERENCE = On;
				SWIFT_VERSION = 4.0;
			};
			name = Release;
		};
		83936D681FF7F90400554E39 /* Debug */ = {
			isa = XCBuildConfiguration;
			baseConfigurationReference = 8FF0C0247FD82BBE77CFD496 /* Pods-ClipboardManagerTests.debug.xcconfig */;
			buildSettings = {
				BUNDLE_LOADER = "$(TEST_HOST)";
				CLANG_CXX_LANGUAGE_STANDARD = "gnu++14";
				CLANG_WARN_UNGUARDED_AVAILABILITY = YES_AGGRESSIVE;
				CODE_SIGN_IDENTITY = "iPhone Developer";
				CODE_SIGN_STYLE = Automatic;
				DEVELOPMENT_TEAM = X3U3JAN2WV;
				GCC_C_LANGUAGE_STANDARD = gnu11;
				INFOPLIST_FILE = Tests/ClipboardManagerTests/Info.plist;
				IPHONEOS_DEPLOYMENT_TARGET = 11.2;
				LD_RUNPATH_SEARCH_PATHS = "$(inherited) @executable_path/Frameworks @loader_path/Frameworks";
				PRODUCT_BUNDLE_IDENTIFIER = com.deniskorneev.ClipboardManagerTests;
				PRODUCT_NAME = "$(TARGET_NAME)";
				SWIFT_VERSION = 4.0;
				TARGETED_DEVICE_FAMILY = "1,2";
				TEST_HOST = "$(BUILT_PRODUCTS_DIR)/ClipboardManager.app/ClipboardManager";
			};
			name = Debug;
		};
		83936D691FF7F90400554E39 /* Release */ = {
			isa = XCBuildConfiguration;
			baseConfigurationReference = FB2B76200A77875DFA6EDB87 /* Pods-ClipboardManagerTests.release.xcconfig */;
			buildSettings = {
				BUNDLE_LOADER = "$(TEST_HOST)";
				CLANG_CXX_LANGUAGE_STANDARD = "gnu++14";
				CLANG_WARN_UNGUARDED_AVAILABILITY = YES_AGGRESSIVE;
				CODE_SIGN_IDENTITY = "iPhone Developer";
				CODE_SIGN_STYLE = Automatic;
				DEVELOPMENT_TEAM = X3U3JAN2WV;
				GCC_C_LANGUAGE_STANDARD = gnu11;
				INFOPLIST_FILE = Tests/ClipboardManagerTests/Info.plist;
				IPHONEOS_DEPLOYMENT_TARGET = 11.2;
				LD_RUNPATH_SEARCH_PATHS = "$(inherited) @executable_path/Frameworks @loader_path/Frameworks";
				PRODUCT_BUNDLE_IDENTIFIER = com.deniskorneev.ClipboardManagerTests;
				PRODUCT_NAME = "$(TARGET_NAME)";
				SWIFT_VERSION = 4.0;
				TARGETED_DEVICE_FAMILY = "1,2";
				TEST_HOST = "$(BUILT_PRODUCTS_DIR)/ClipboardManager.app/ClipboardManager";
			};
			name = Release;
		};
		839589391E95506400CC7045 /* Debug */ = {
			isa = XCBuildConfiguration;
			buildSettings = {
				ALWAYS_SEARCH_USER_PATHS = NO;
				CLANG_ANALYZER_NONNULL = YES;
				CLANG_ANALYZER_NUMBER_OBJECT_CONVERSION = YES_AGGRESSIVE;
				CLANG_CXX_LANGUAGE_STANDARD = "gnu++0x";
				CLANG_CXX_LIBRARY = "libc++";
				CLANG_ENABLE_MODULES = YES;
				CLANG_ENABLE_OBJC_ARC = YES;
				CLANG_WARN_BLOCK_CAPTURE_AUTORELEASING = YES;
				CLANG_WARN_BOOL_CONVERSION = YES;
				CLANG_WARN_COMMA = YES;
				CLANG_WARN_CONSTANT_CONVERSION = YES;
				CLANG_WARN_DIRECT_OBJC_ISA_USAGE = YES_ERROR;
				CLANG_WARN_DOCUMENTATION_COMMENTS = YES;
				CLANG_WARN_EMPTY_BODY = YES;
				CLANG_WARN_ENUM_CONVERSION = YES;
				CLANG_WARN_INFINITE_RECURSION = YES;
				CLANG_WARN_INT_CONVERSION = YES;
				CLANG_WARN_NON_LITERAL_NULL_CONVERSION = YES;
				CLANG_WARN_OBJC_LITERAL_CONVERSION = YES;
				CLANG_WARN_OBJC_ROOT_CLASS = YES_ERROR;
				CLANG_WARN_RANGE_LOOP_ANALYSIS = YES;
				CLANG_WARN_STRICT_PROTOTYPES = YES;
				CLANG_WARN_SUSPICIOUS_MOVE = YES;
				CLANG_WARN_UNREACHABLE_CODE = YES;
				CLANG_WARN__DUPLICATE_METHOD_MATCH = YES;
				"CODE_SIGN_IDENTITY[sdk=iphoneos*]" = "iPhone Developer";
				COPY_PHASE_STRIP = NO;
				DEBUG_INFORMATION_FORMAT = dwarf;
				ENABLE_STRICT_OBJC_MSGSEND = YES;
				ENABLE_TESTABILITY = YES;
				GCC_C_LANGUAGE_STANDARD = gnu99;
				GCC_DYNAMIC_NO_PIC = NO;
				GCC_NO_COMMON_BLOCKS = YES;
				GCC_OPTIMIZATION_LEVEL = 0;
				GCC_PREPROCESSOR_DEFINITIONS = (
					"DEBUG=1",
					"$(inherited)",
				);
				GCC_WARN_64_TO_32_BIT_CONVERSION = YES;
				GCC_WARN_ABOUT_RETURN_TYPE = YES_ERROR;
				GCC_WARN_UNDECLARED_SELECTOR = YES;
				GCC_WARN_UNINITIALIZED_AUTOS = YES_AGGRESSIVE;
				GCC_WARN_UNUSED_FUNCTION = YES;
				GCC_WARN_UNUSED_VARIABLE = YES;
				IPHONEOS_DEPLOYMENT_TARGET = 10.0;
				MTL_ENABLE_DEBUG_INFO = YES;
				ONLY_ACTIVE_ARCH = YES;
				SDKROOT = iphoneos;
				SWIFT_ACTIVE_COMPILATION_CONDITIONS = DEBUG;
				SWIFT_OPTIMIZATION_LEVEL = "-Onone";
			};
			name = Debug;
		};
		8395893A1E95506400CC7045 /* Release */ = {
			isa = XCBuildConfiguration;
			buildSettings = {
				ALWAYS_SEARCH_USER_PATHS = NO;
				CLANG_ANALYZER_NONNULL = YES;
				CLANG_ANALYZER_NUMBER_OBJECT_CONVERSION = YES_AGGRESSIVE;
				CLANG_CXX_LANGUAGE_STANDARD = "gnu++0x";
				CLANG_CXX_LIBRARY = "libc++";
				CLANG_ENABLE_MODULES = YES;
				CLANG_ENABLE_OBJC_ARC = YES;
				CLANG_WARN_BLOCK_CAPTURE_AUTORELEASING = YES;
				CLANG_WARN_BOOL_CONVERSION = YES;
				CLANG_WARN_COMMA = YES;
				CLANG_WARN_CONSTANT_CONVERSION = YES;
				CLANG_WARN_DIRECT_OBJC_ISA_USAGE = YES_ERROR;
				CLANG_WARN_DOCUMENTATION_COMMENTS = YES;
				CLANG_WARN_EMPTY_BODY = YES;
				CLANG_WARN_ENUM_CONVERSION = YES;
				CLANG_WARN_INFINITE_RECURSION = YES;
				CLANG_WARN_INT_CONVERSION = YES;
				CLANG_WARN_NON_LITERAL_NULL_CONVERSION = YES;
				CLANG_WARN_OBJC_LITERAL_CONVERSION = YES;
				CLANG_WARN_OBJC_ROOT_CLASS = YES_ERROR;
				CLANG_WARN_RANGE_LOOP_ANALYSIS = YES;
				CLANG_WARN_STRICT_PROTOTYPES = YES;
				CLANG_WARN_SUSPICIOUS_MOVE = YES;
				CLANG_WARN_UNREACHABLE_CODE = YES;
				CLANG_WARN__DUPLICATE_METHOD_MATCH = YES;
				"CODE_SIGN_IDENTITY[sdk=iphoneos*]" = "iPhone Developer";
				COPY_PHASE_STRIP = NO;
				DEBUG_INFORMATION_FORMAT = "dwarf-with-dsym";
				ENABLE_NS_ASSERTIONS = NO;
				ENABLE_STRICT_OBJC_MSGSEND = YES;
				GCC_C_LANGUAGE_STANDARD = gnu99;
				GCC_NO_COMMON_BLOCKS = YES;
				GCC_WARN_64_TO_32_BIT_CONVERSION = YES;
				GCC_WARN_ABOUT_RETURN_TYPE = YES_ERROR;
				GCC_WARN_UNDECLARED_SELECTOR = YES;
				GCC_WARN_UNINITIALIZED_AUTOS = YES_AGGRESSIVE;
				GCC_WARN_UNUSED_FUNCTION = YES;
				GCC_WARN_UNUSED_VARIABLE = YES;
				IPHONEOS_DEPLOYMENT_TARGET = 10.0;
				MTL_ENABLE_DEBUG_INFO = NO;
				SDKROOT = iphoneos;
				SWIFT_OPTIMIZATION_LEVEL = "-Owholemodule";
				VALIDATE_PRODUCT = YES;
			};
			name = Release;
		};
		8395893C1E95506400CC7045 /* Debug */ = {
			isa = XCBuildConfiguration;
			baseConfigurationReference = FE84A3620B1B8B957C5ACF6A /* Pods-ClipboardManager.debug.xcconfig */;
			buildSettings = {
				ASSETCATALOG_COMPILER_APPICON_NAME = AppIcon;
				CODE_SIGN_ENTITLEMENTS = ClipboardManager/ClipboardManager.entitlements;
				DEVELOPMENT_TEAM = X3U3JAN2WV;
				INFOPLIST_FILE = ClipboardManager/Info.plist;
				LD_RUNPATH_SEARCH_PATHS = "$(inherited) @executable_path/Frameworks";
				PRODUCT_BUNDLE_IDENTIFIER = com.denis.korneev.ClipboardManager;
				PRODUCT_NAME = "$(TARGET_NAME)";
				SWIFT_SWIFT3_OBJC_INFERENCE = On;
				SWIFT_VERSION = 4.0;
			};
			name = Debug;
		};
		8395893D1E95506400CC7045 /* Release */ = {
			isa = XCBuildConfiguration;
			baseConfigurationReference = D85C437EAE85F42A7DD00350 /* Pods-ClipboardManager.release.xcconfig */;
			buildSettings = {
				ASSETCATALOG_COMPILER_APPICON_NAME = AppIcon;
				CODE_SIGN_ENTITLEMENTS = ClipboardManager/ClipboardManager.entitlements;
				DEVELOPMENT_TEAM = X3U3JAN2WV;
				INFOPLIST_FILE = ClipboardManager/Info.plist;
				LD_RUNPATH_SEARCH_PATHS = "$(inherited) @executable_path/Frameworks";
				PRODUCT_BUNDLE_IDENTIFIER = com.denis.korneev.ClipboardManager;
				PRODUCT_NAME = "$(TARGET_NAME)";
				SWIFT_SWIFT3_OBJC_INFERENCE = On;
				SWIFT_VERSION = 4.0;
			};
			name = Release;
		};
/* End XCBuildConfiguration section */

/* Begin XCConfigurationList section */
		831427192008F72B00C5F094 /* Build configuration list for PBXNativeTarget "ClipboardManagerUITests" */ = {
			isa = XCConfigurationList;
			buildConfigurations = (
				831427172008F72B00C5F094 /* Debug */,
				831427182008F72B00C5F094 /* Release */,
			);
			defaultConfigurationIsVisible = 0;
			defaultConfigurationName = Release;
		};
		8330DBE71F51A9F500B81CCD /* Build configuration list for PBXNativeTarget "QuickButtons" */ = {
			isa = XCConfigurationList;
			buildConfigurations = (
				8330DBE51F51A9F500B81CCD /* Debug */,
				8330DBE61F51A9F500B81CCD /* Release */,
			);
			defaultConfigurationIsVisible = 0;
			defaultConfigurationName = Release;
		};
		83936D671FF7F90400554E39 /* Build configuration list for PBXNativeTarget "ClipboardManagerTests" */ = {
			isa = XCConfigurationList;
			buildConfigurations = (
				83936D681FF7F90400554E39 /* Debug */,
				83936D691FF7F90400554E39 /* Release */,
			);
			defaultConfigurationIsVisible = 0;
			defaultConfigurationName = Release;
		};
		839589241E95506400CC7045 /* Build configuration list for PBXProject "ClipboardManager" */ = {
			isa = XCConfigurationList;
			buildConfigurations = (
				839589391E95506400CC7045 /* Debug */,
				8395893A1E95506400CC7045 /* Release */,
			);
			defaultConfigurationIsVisible = 0;
			defaultConfigurationName = Release;
		};
		8395893B1E95506400CC7045 /* Build configuration list for PBXNativeTarget "ClipboardManager" */ = {
			isa = XCConfigurationList;
			buildConfigurations = (
				8395893C1E95506400CC7045 /* Debug */,
				8395893D1E95506400CC7045 /* Release */,
			);
			defaultConfigurationIsVisible = 0;
			defaultConfigurationName = Release;
		};
/* End XCConfigurationList section */
	};
	rootObject = 839589211E95506400CC7045 /* Project object */;
}
